// !$*UTF8*$!
{
	archiveVersion = 1;
	classes = {
	};
	objectVersion = 46;
	objects = {

/* Begin PBXBuildFile section */
		830B143A1A89834C000E0A2D /* Constants.swift in Sources */ = {isa = PBXBuildFile; fileRef = 830B14391A89834C000E0A2D /* Constants.swift */; };
		830B143C1A89835B000E0A2D /* Error.swift in Sources */ = {isa = PBXBuildFile; fileRef = 830B143B1A89835B000E0A2D /* Error.swift */; };
		830B14571A898A7A000E0A2D /* WeeklySchedule.swift in Sources */ = {isa = PBXBuildFile; fileRef = 830B14561A898A7A000E0A2D /* WeeklySchedule.swift */; };
		830B14591A898A7A000E0A2D /* Schedule.swift in Sources */ = {isa = PBXBuildFile; fileRef = 830B14581A898A7A000E0A2D /* Schedule.swift */; };
		830B145B1A898A7B000E0A2D /* Medication.swift in Sources */ = {isa = PBXBuildFile; fileRef = 830B145A1A898A7B000E0A2D /* Medication.swift */; };
		830B145D1A898A7B000E0A2D /* OneOffSchedule.swift in Sources */ = {isa = PBXBuildFile; fileRef = 830B145C1A898A7B000E0A2D /* OneOffSchedule.swift */; };
		830B145F1A898A7B000E0A2D /* MonthlySchedule.swift in Sources */ = {isa = PBXBuildFile; fileRef = 830B145E1A898A7B000E0A2D /* MonthlySchedule.swift */; };
		830B14611A898A7B000E0A2D /* DailySchedule.swift in Sources */ = {isa = PBXBuildFile; fileRef = 830B14601A898A7B000E0A2D /* DailySchedule.swift */; };
		8390C4331A8975490010D616 /* AppDelegate.swift in Sources */ = {isa = PBXBuildFile; fileRef = 8390C4321A8975490010D616 /* AppDelegate.swift */; };
		8390C4361A8975490010D616 /* Arex.xcdatamodeld in Sources */ = {isa = PBXBuildFile; fileRef = 8390C4341A8975490010D616 /* Arex.xcdatamodeld */; };
		8390C4381A8975490010D616 /* ViewController.swift in Sources */ = {isa = PBXBuildFile; fileRef = 8390C4371A8975490010D616 /* ViewController.swift */; };
		8390C43B1A8975490010D616 /* Main.storyboard in Resources */ = {isa = PBXBuildFile; fileRef = 8390C4391A8975490010D616 /* Main.storyboard */; };
		8390C43D1A8975490010D616 /* Images.xcassets in Resources */ = {isa = PBXBuildFile; fileRef = 8390C43C1A8975490010D616 /* Images.xcassets */; };
		8390C4401A8975490010D616 /* LaunchScreen.xib in Resources */ = {isa = PBXBuildFile; fileRef = 8390C43E1A8975490010D616 /* LaunchScreen.xib */; };
		8390C44C1A8975490010D616 /* ArexTests.swift in Sources */ = {isa = PBXBuildFile; fileRef = 8390C44B1A8975490010D616 /* ArexTests.swift */; };
/* End PBXBuildFile section */

/* Begin PBXContainerItemProxy section */
		8390C4461A8975490010D616 /* PBXContainerItemProxy */ = {
			isa = PBXContainerItemProxy;
			containerPortal = 8390C4251A8975490010D616 /* Project object */;
			proxyType = 1;
			remoteGlobalIDString = 8390C42C1A8975490010D616;
			remoteInfo = Arex;
		};
/* End PBXContainerItemProxy section */

/* Begin PBXFileReference section */
		830B14391A89834C000E0A2D /* Constants.swift */ = {isa = PBXFileReference; fileEncoding = 4; lastKnownFileType = sourcecode.swift; path = Constants.swift; sourceTree = "<group>"; };
		830B143B1A89835B000E0A2D /* Error.swift */ = {isa = PBXFileReference; fileEncoding = 4; lastKnownFileType = sourcecode.swift; path = Error.swift; sourceTree = "<group>"; };
		830B14561A898A7A000E0A2D /* WeeklySchedule.swift */ = {isa = PBXFileReference; fileEncoding = 4; lastKnownFileType = sourcecode.swift; path = WeeklySchedule.swift; sourceTree = "<group>"; };
		830B14581A898A7A000E0A2D /* Schedule.swift */ = {isa = PBXFileReference; fileEncoding = 4; lastKnownFileType = sourcecode.swift; path = Schedule.swift; sourceTree = "<group>"; };
		830B145A1A898A7B000E0A2D /* Medication.swift */ = {isa = PBXFileReference; fileEncoding = 4; lastKnownFileType = sourcecode.swift; path = Medication.swift; sourceTree = "<group>"; };
		830B145C1A898A7B000E0A2D /* OneOffSchedule.swift */ = {isa = PBXFileReference; fileEncoding = 4; lastKnownFileType = sourcecode.swift; path = OneOffSchedule.swift; sourceTree = "<group>"; };
		830B145E1A898A7B000E0A2D /* MonthlySchedule.swift */ = {isa = PBXFileReference; fileEncoding = 4; lastKnownFileType = sourcecode.swift; path = MonthlySchedule.swift; sourceTree = "<group>"; };
		830B14601A898A7B000E0A2D /* DailySchedule.swift */ = {isa = PBXFileReference; fileEncoding = 4; lastKnownFileType = sourcecode.swift; path = DailySchedule.swift; sourceTree = "<group>"; };
		8390C42D1A8975490010D616 /* Arex.app */ = {isa = PBXFileReference; explicitFileType = wrapper.application; includeInIndex = 0; path = Arex.app; sourceTree = BUILT_PRODUCTS_DIR; };
		8390C4311A8975490010D616 /* Info.plist */ = {isa = PBXFileReference; lastKnownFileType = text.plist.xml; path = Info.plist; sourceTree = "<group>"; };
		8390C4321A8975490010D616 /* AppDelegate.swift */ = {isa = PBXFileReference; lastKnownFileType = sourcecode.swift; path = AppDelegate.swift; sourceTree = "<group>"; };
		8390C4351A8975490010D616 /* 1.xcdatamodel */ = {isa = PBXFileReference; lastKnownFileType = wrapper.xcdatamodel; path = 1.xcdatamodel; sourceTree = "<group>"; };
		8390C4371A8975490010D616 /* ViewController.swift */ = {isa = PBXFileReference; lastKnownFileType = sourcecode.swift; path = ViewController.swift; sourceTree = "<group>"; };
		8390C43A1A8975490010D616 /* Base */ = {isa = PBXFileReference; lastKnownFileType = file.storyboard; name = Base; path = Base.lproj/Main.storyboard; sourceTree = "<group>"; };
		8390C43C1A8975490010D616 /* Images.xcassets */ = {isa = PBXFileReference; lastKnownFileType = folder.assetcatalog; path = Images.xcassets; sourceTree = "<group>"; };
		8390C43F1A8975490010D616 /* Base */ = {isa = PBXFileReference; lastKnownFileType = file.xib; name = Base; path = Base.lproj/LaunchScreen.xib; sourceTree = "<group>"; };
		8390C4451A8975490010D616 /* ArexTests.xctest */ = {isa = PBXFileReference; explicitFileType = wrapper.cfbundle; includeInIndex = 0; path = ArexTests.xctest; sourceTree = BUILT_PRODUCTS_DIR; };
		8390C44A1A8975490010D616 /* Info.plist */ = {isa = PBXFileReference; lastKnownFileType = text.plist.xml; path = Info.plist; sourceTree = "<group>"; };
		8390C44B1A8975490010D616 /* ArexTests.swift */ = {isa = PBXFileReference; lastKnownFileType = sourcecode.swift; path = ArexTests.swift; sourceTree = "<group>"; };
/* End PBXFileReference section */

/* Begin PBXFrameworksBuildPhase section */
		8390C42A1A8975490010D616 /* Frameworks */ = {
			isa = PBXFrameworksBuildPhase;
			buildActionMask = 2147483647;
			files = (
			);
			runOnlyForDeploymentPostprocessing = 0;
		};
		8390C4421A8975490010D616 /* Frameworks */ = {
			isa = PBXFrameworksBuildPhase;
			buildActionMask = 2147483647;
			files = (
			);
			runOnlyForDeploymentPostprocessing = 0;
		};
/* End PBXFrameworksBuildPhase section */

/* Begin PBXGroup section */
		830B14491A898A15000E0A2D /* Core Data */ = {
			isa = PBXGroup;
			children = (
				830B14601A898A7B000E0A2D /* DailySchedule.swift */,
				830B145A1A898A7B000E0A2D /* Medication.swift */,
				830B145E1A898A7B000E0A2D /* MonthlySchedule.swift */,
				830B145C1A898A7B000E0A2D /* OneOffSchedule.swift */,
				830B14581A898A7A000E0A2D /* Schedule.swift */,
				830B14561A898A7A000E0A2D /* WeeklySchedule.swift */,
			);
			path = "Core Data";
			sourceTree = "<group>";
		};
		838178A81A897B1200FF78A3 /* Source */ = {
			isa = PBXGroup;
			children = (
				8390C4321A8975490010D616 /* AppDelegate.swift */,
				830B14391A89834C000E0A2D /* Constants.swift */,
				830B14491A898A15000E0A2D /* Core Data */,
				830B143B1A89835B000E0A2D /* Error.swift */,
				8390C4371A8975490010D616 /* ViewController.swift */,
			);
			path = Source;
			sourceTree = "<group>";
		};
		838178A91A897B1D00FF78A3 /* Source */ = {
			isa = PBXGroup;
			children = (
				8390C44B1A8975490010D616 /* ArexTests.swift */,
			);
			path = Source;
			sourceTree = "<group>";
		};
		8390C4241A8975490010D616 = {
			isa = PBXGroup;
			children = (
				8390C42F1A8975490010D616 /* Arex */,
				8390C4481A8975490010D616 /* ArexTests */,
				8390C42E1A8975490010D616 /* Products */,
			);
			indentWidth = 4;
			sourceTree = "<group>";
			tabWidth = 4;
			usesTabs = 0;
			wrapsLines = 1;
		};
		8390C42E1A8975490010D616 /* Products */ = {
			isa = PBXGroup;
			children = (
				8390C42D1A8975490010D616 /* Arex.app */,
				8390C4451A8975490010D616 /* ArexTests.xctest */,
			);
			name = Products;
			sourceTree = "<group>";
		};
		8390C42F1A8975490010D616 /* Arex */ = {
			isa = PBXGroup;
			children = (
				838178A81A897B1200FF78A3 /* Source */,
				8390C4301A8975490010D616 /* Supporting Files */,
			);
			path = Arex;
			sourceTree = "<group>";
		};
		8390C4301A8975490010D616 /* Supporting Files */ = {
			isa = PBXGroup;
			children = (
				8390C4341A8975490010D616 /* Arex.xcdatamodeld */,
				8390C43C1A8975490010D616 /* Images.xcassets */,
				8390C4311A8975490010D616 /* Info.plist */,
				8390C43E1A8975490010D616 /* LaunchScreen.xib */,
				8390C4391A8975490010D616 /* Main.storyboard */,
			);
			path = "Supporting Files";
			sourceTree = "<group>";
		};
		8390C4481A8975490010D616 /* ArexTests */ = {
			isa = PBXGroup;
			children = (
				838178A91A897B1D00FF78A3 /* Source */,
				8390C4491A8975490010D616 /* Supporting Files */,
			);
			path = ArexTests;
			sourceTree = "<group>";
		};
		8390C4491A8975490010D616 /* Supporting Files */ = {
			isa = PBXGroup;
			children = (
				8390C44A1A8975490010D616 /* Info.plist */,
			);
			path = "Supporting Files";
			sourceTree = "<group>";
		};
/* End PBXGroup section */

/* Begin PBXNativeTarget section */
		8390C42C1A8975490010D616 /* Arex */ = {
			isa = PBXNativeTarget;
			buildConfigurationList = 8390C44F1A8975490010D616 /* Build configuration list for PBXNativeTarget "Arex" */;
			buildPhases = (
				8390C4291A8975490010D616 /* Sources */,
				8390C42A1A8975490010D616 /* Frameworks */,
				8390C42B1A8975490010D616 /* Resources */,
			);
			buildRules = (
			);
			dependencies = (
			);
			name = Arex;
			productName = Arex;
			productReference = 8390C42D1A8975490010D616 /* Arex.app */;
			productType = "com.apple.product-type.application";
		};
		8390C4441A8975490010D616 /* ArexTests */ = {
			isa = PBXNativeTarget;
			buildConfigurationList = 8390C4521A8975490010D616 /* Build configuration list for PBXNativeTarget "ArexTests" */;
			buildPhases = (
				8390C4411A8975490010D616 /* Sources */,
				8390C4421A8975490010D616 /* Frameworks */,
				8390C4431A8975490010D616 /* Resources */,
			);
			buildRules = (
			);
			dependencies = (
				8390C4471A8975490010D616 /* PBXTargetDependency */,
			);
			name = ArexTests;
			productName = ArexTests;
			productReference = 8390C4451A8975490010D616 /* ArexTests.xctest */;
			productType = "com.apple.product-type.bundle.unit-test";
		};
/* End PBXNativeTarget section */

/* Begin PBXProject section */
		8390C4251A8975490010D616 /* Project object */ = {
			isa = PBXProject;
			attributes = {
				LastUpgradeCheck = 0630;
				ORGANIZATIONNAME = Pandamonia;
				TargetAttributes = {
					8390C42C1A8975490010D616 = {
						CreatedOnToolsVersion = 6.3;
					};
					8390C4441A8975490010D616 = {
						CreatedOnToolsVersion = 6.3;
						TestTargetID = 8390C42C1A8975490010D616;
					};
				};
			};
			buildConfigurationList = 8390C4281A8975490010D616 /* Build configuration list for PBXProject "Arex" */;
			compatibilityVersion = "Xcode 3.2";
			developmentRegion = English;
			hasScannedForEncodings = 0;
			knownRegions = (
				en,
				Base,
			);
			mainGroup = 8390C4241A8975490010D616;
			productRefGroup = 8390C42E1A8975490010D616 /* Products */;
			projectDirPath = "";
			projectRoot = "";
			targets = (
				8390C42C1A8975490010D616 /* Arex */,
				8390C4441A8975490010D616 /* ArexTests */,
			);
		};
/* End PBXProject section */

/* Begin PBXResourcesBuildPhase section */
		8390C42B1A8975490010D616 /* Resources */ = {
			isa = PBXResourcesBuildPhase;
			buildActionMask = 2147483647;
			files = (
				8390C43B1A8975490010D616 /* Main.storyboard in Resources */,
				8390C4401A8975490010D616 /* LaunchScreen.xib in Resources */,
				8390C43D1A8975490010D616 /* Images.xcassets in Resources */,
			);
			runOnlyForDeploymentPostprocessing = 0;
		};
		8390C4431A8975490010D616 /* Resources */ = {
			isa = PBXResourcesBuildPhase;
			buildActionMask = 2147483647;
			files = (
			);
			runOnlyForDeploymentPostprocessing = 0;
		};
/* End PBXResourcesBuildPhase section */

/* Begin PBXSourcesBuildPhase section */
		8390C4291A8975490010D616 /* Sources */ = {
			isa = PBXSourcesBuildPhase;
			buildActionMask = 2147483647;
			files = (
				830B145F1A898A7B000E0A2D /* MonthlySchedule.swift in Sources */,
				830B145B1A898A7B000E0A2D /* Medication.swift in Sources */,
				8390C4381A8975490010D616 /* ViewController.swift in Sources */,
				8390C4331A8975490010D616 /* AppDelegate.swift in Sources */,
				8390C4361A8975490010D616 /* Arex.xcdatamodeld in Sources */,
				830B14571A898A7A000E0A2D /* WeeklySchedule.swift in Sources */,
				830B145D1A898A7B000E0A2D /* OneOffSchedule.swift in Sources */,
				830B14611A898A7B000E0A2D /* DailySchedule.swift in Sources */,
				830B143C1A89835B000E0A2D /* Error.swift in Sources */,
				830B14591A898A7A000E0A2D /* Schedule.swift in Sources */,
				830B143A1A89834C000E0A2D /* Constants.swift in Sources */,
			);
			runOnlyForDeploymentPostprocessing = 0;
		};
		8390C4411A8975490010D616 /* Sources */ = {
			isa = PBXSourcesBuildPhase;
			buildActionMask = 2147483647;
			files = (
				8390C44C1A8975490010D616 /* ArexTests.swift in Sources */,
			);
			runOnlyForDeploymentPostprocessing = 0;
		};
/* End PBXSourcesBuildPhase section */

/* Begin PBXTargetDependency section */
		8390C4471A8975490010D616 /* PBXTargetDependency */ = {
			isa = PBXTargetDependency;
			target = 8390C42C1A8975490010D616 /* Arex */;
			targetProxy = 8390C4461A8975490010D616 /* PBXContainerItemProxy */;
		};
/* End PBXTargetDependency section */

/* Begin PBXVariantGroup section */
		8390C4391A8975490010D616 /* Main.storyboard */ = {
			isa = PBXVariantGroup;
			children = (
				8390C43A1A8975490010D616 /* Base */,
			);
			name = Main.storyboard;
			path = .;
			sourceTree = "<group>";
		};
		8390C43E1A8975490010D616 /* LaunchScreen.xib */ = {
			isa = PBXVariantGroup;
			children = (
				8390C43F1A8975490010D616 /* Base */,
			);
			name = LaunchScreen.xib;
			path = .;
			sourceTree = "<group>";
		};
/* End PBXVariantGroup section */

/* Begin XCBuildConfiguration section */
		8390C44D1A8975490010D616 /* Debug */ = {
			isa = XCBuildConfiguration;
			buildSettings = {
				ALWAYS_SEARCH_USER_PATHS = NO;
				CLANG_CXX_LANGUAGE_STANDARD = "gnu++0x";
				CLANG_CXX_LIBRARY = "libc++";
				CLANG_ENABLE_MODULES = YES;
				CLANG_ENABLE_OBJC_ARC = YES;
				CLANG_WARN_BOOL_CONVERSION = YES;
				CLANG_WARN_CONSTANT_CONVERSION = YES;
				CLANG_WARN_DIRECT_OBJC_ISA_USAGE = YES_ERROR;
				CLANG_WARN_EMPTY_BODY = YES;
				CLANG_WARN_ENUM_CONVERSION = YES;
				CLANG_WARN_INT_CONVERSION = YES;
				CLANG_WARN_OBJC_ROOT_CLASS = YES_ERROR;
				CLANG_WARN_UNREACHABLE_CODE = YES;
				CLANG_WARN__DUPLICATE_METHOD_MATCH = YES;
				"CODE_SIGN_IDENTITY[sdk=iphoneos*]" = "iPhone Developer";
				COPY_PHASE_STRIP = NO;
				DEBUG_INFORMATION_FORMAT = dwarf;
				ENABLE_STRICT_OBJC_MSGSEND = YES;
				GCC_C_LANGUAGE_STANDARD = gnu99;
				GCC_DYNAMIC_NO_PIC = NO;
				GCC_OPTIMIZATION_LEVEL = 0;
				GCC_PREPROCESSOR_DEFINITIONS = (
					"DEBUG=1",
					"$(inherited)",
				);
				GCC_SYMBOLS_PRIVATE_EXTERN = NO;
				GCC_WARN_64_TO_32_BIT_CONVERSION = YES;
				GCC_WARN_ABOUT_RETURN_TYPE = YES_ERROR;
				GCC_WARN_UNDECLARED_SELECTOR = YES;
				GCC_WARN_UNINITIALIZED_AUTOS = YES_AGGRESSIVE;
				GCC_WARN_UNUSED_FUNCTION = YES;
				GCC_WARN_UNUSED_VARIABLE = YES;
				IPHONEOS_DEPLOYMENT_TARGET = 8.0;
				MTL_ENABLE_DEBUG_INFO = YES;
				ONLY_ACTIVE_ARCH = YES;
				SDKROOT = iphoneos;
				SWIFT_OPTIMIZATION_LEVEL = "-Onone";
				TARGETED_DEVICE_FAMILY = "1,2";
			};
			name = Debug;
		};
		8390C44E1A8975490010D616 /* Release */ = {
			isa = XCBuildConfiguration;
			buildSettings = {
				ALWAYS_SEARCH_USER_PATHS = NO;
				CLANG_CXX_LANGUAGE_STANDARD = "gnu++0x";
				CLANG_CXX_LIBRARY = "libc++";
				CLANG_ENABLE_MODULES = YES;
				CLANG_ENABLE_OBJC_ARC = YES;
				CLANG_WARN_BOOL_CONVERSION = YES;
				CLANG_WARN_CONSTANT_CONVERSION = YES;
				CLANG_WARN_DIRECT_OBJC_ISA_USAGE = YES_ERROR;
				CLANG_WARN_EMPTY_BODY = YES;
				CLANG_WARN_ENUM_CONVERSION = YES;
				CLANG_WARN_INT_CONVERSION = YES;
				CLANG_WARN_OBJC_ROOT_CLASS = YES_ERROR;
				CLANG_WARN_UNREACHABLE_CODE = YES;
				CLANG_WARN__DUPLICATE_METHOD_MATCH = YES;
				"CODE_SIGN_IDENTITY[sdk=iphoneos*]" = "iPhone Developer";
				COPY_PHASE_STRIP = NO;
				DEBUG_INFORMATION_FORMAT = "dwarf-with-dsym";
				ENABLE_NS_ASSERTIONS = NO;
				ENABLE_STRICT_OBJC_MSGSEND = YES;
				GCC_C_LANGUAGE_STANDARD = gnu99;
				GCC_WARN_64_TO_32_BIT_CONVERSION = YES;
				GCC_WARN_ABOUT_RETURN_TYPE = YES_ERROR;
				GCC_WARN_UNDECLARED_SELECTOR = YES;
				GCC_WARN_UNINITIALIZED_AUTOS = YES_AGGRESSIVE;
				GCC_WARN_UNUSED_FUNCTION = YES;
				GCC_WARN_UNUSED_VARIABLE = YES;
				IPHONEOS_DEPLOYMENT_TARGET = 8.0;
				MTL_ENABLE_DEBUG_INFO = NO;
				SDKROOT = iphoneos;
				TARGETED_DEVICE_FAMILY = "1,2";
				VALIDATE_PRODUCT = YES;
			};
			name = Release;
		};
		8390C4501A8975490010D616 /* Debug */ = {
			isa = XCBuildConfiguration;
			buildSettings = {
				ASSETCATALOG_COMPILER_APPICON_NAME = AppIcon;
				INFOPLIST_FILE = "Arex/Supporting Files/Info.plist";
				LD_RUNPATH_SEARCH_PATHS = "$(inherited) @executable_path/Frameworks";
				PRODUCT_NAME = "$(TARGET_NAME)";
			};
			name = Debug;
		};
		8390C4511A8975490010D616 /* Release */ = {
			isa = XCBuildConfiguration;
			buildSettings = {
				ASSETCATALOG_COMPILER_APPICON_NAME = AppIcon;
				INFOPLIST_FILE = "Arex/Supporting Files/Info.plist";
				LD_RUNPATH_SEARCH_PATHS = "$(inherited) @executable_path/Frameworks";
				PRODUCT_NAME = "$(TARGET_NAME)";
			};
			name = Release;
		};
		8390C4531A8975490010D616 /* Debug */ = {
			isa = XCBuildConfiguration;
			buildSettings = {
				BUNDLE_LOADER = "$(TEST_HOST)";
				FRAMEWORK_SEARCH_PATHS = (
					"$(SDKROOT)/Developer/Library/Frameworks",
					"$(inherited)",
				);
				GCC_PREPROCESSOR_DEFINITIONS = (
					"DEBUG=1",
					"$(inherited)",
				);
				INFOPLIST_FILE = "ArexTests/Supporting Files/Info.plist";
				LD_RUNPATH_SEARCH_PATHS = "$(inherited) @executable_path/Frameworks @loader_path/Frameworks";
				PRODUCT_NAME = "$(TARGET_NAME)";
				TEST_HOST = "$(BUILT_PRODUCTS_DIR)/Arex.app/Arex";
			};
			name = Debug;
		};
		8390C4541A8975490010D616 /* Release */ = {
			isa = XCBuildConfiguration;
			buildSettings = {
				BUNDLE_LOADER = "$(TEST_HOST)";
				FRAMEWORK_SEARCH_PATHS = (
					"$(SDKROOT)/Developer/Library/Frameworks",
					"$(inherited)",
				);
				INFOPLIST_FILE = "ArexTests/Supporting Files/Info.plist";
				LD_RUNPATH_SEARCH_PATHS = "$(inherited) @executable_path/Frameworks @loader_path/Frameworks";
				PRODUCT_NAME = "$(TARGET_NAME)";
				TEST_HOST = "$(BUILT_PRODUCTS_DIR)/Arex.app/Arex";
			};
			name = Release;
		};
/* End XCBuildConfiguration section */

/* Begin XCConfigurationList section */
		8390C4281A8975490010D616 /* Build configuration list for PBXProject "Arex" */ = {
			isa = XCConfigurationList;
			buildConfigurations = (
				8390C44D1A8975490010D616 /* Debug */,
				8390C44E1A8975490010D616 /* Release */,
			);
			defaultConfigurationIsVisible = 0;
			defaultConfigurationName = Release;
		};
		8390C44F1A8975490010D616 /* Build configuration list for PBXNativeTarget "Arex" */ = {
			isa = XCConfigurationList;
			buildConfigurations = (
				8390C4501A8975490010D616 /* Debug */,
				8390C4511A8975490010D616 /* Release */,
			);
			defaultConfigurationIsVisible = 0;
			defaultConfigurationName = Release;
		};
		8390C4521A8975490010D616 /* Build configuration list for PBXNativeTarget "ArexTests" */ = {
			isa = XCConfigurationList;
			buildConfigurations = (
				8390C4531A8975490010D616 /* Debug */,
				8390C4541A8975490010D616 /* Release */,
			);
			defaultConfigurationIsVisible = 0;
			defaultConfigurationName = Release;
		};
/* End XCConfigurationList section */

/* Begin XCVersionGroup section */
		8390C4341A8975490010D616 /* Arex.xcdatamodeld */ = {
			isa = XCVersionGroup;
			children = (
				8390C4351A8975490010D616 /* 1.xcdatamodel */,
			);
			currentVersion = 8390C4351A8975490010D616 /* 1.xcdatamodel */;
			path = Arex.xcdatamodeld;
			sourceTree = "<group>";
			versionGroupType = wrapper.xcdatamodel;
		};
/* End XCVersionGroup section */
	};
	rootObject = 8390C4251A8975490010D616 /* Project object */;
}
