// !$*UTF8*$!
{
	archiveVersion = 1;
	classes = {
	};
	objectVersion = 46;
	objects = {

/* Begin PBXBuildFile section */
		830C80FE1ABB9D8700AE7E12 /* MedicationsListCell.swift in Sources */ = {isa = PBXBuildFile; fileRef = 830C80FD1ABB9D8700AE7E12 /* MedicationsListCell.swift */; };
		83335B531B01350A00C41DE2 /* FXForms.h in Headers */ = {isa = PBXBuildFile; fileRef = 83335B511B01350A00C41DE2 /* FXForms.h */; settings = {ATTRIBUTES = (Public, ); }; };
		83335B541B01350A00C41DE2 /* FXForms.m in Sources */ = {isa = PBXBuildFile; fileRef = 83335B521B01350A00C41DE2 /* FXForms.m */; settings = {COMPILER_FLAGS = "-Wno-deprecated-declarations -Wno-nonnull"; }; };
		8334F1D31B2A3E1C00BDE13D /* ScheduleType.swift in Sources */ = {isa = PBXBuildFile; fileRef = 8334F1D21B2A3E1C00BDE13D /* ScheduleType.swift */; };
		833FACCE1AFE90470021873B /* SAMTextView.m in Sources */ = {isa = PBXBuildFile; fileRef = 833FACCD1AFE90470021873B /* SAMTextView.m */; };
		833FACE01AFE90BD0021873B /* ArexKit.framework in Frameworks */ = {isa = PBXBuildFile; fileRef = 833FACD51AFE90BD0021873B /* ArexKit.framework */; };
		833FAD091AFE91670021873B /* ArexKit.framework in Frameworks */ = {isa = PBXBuildFile; fileRef = 833FACD51AFE90BD0021873B /* ArexKit.framework */; };
		833FAD0A1AFE91670021873B /* ArexKit.framework in Embed Frameworks */ = {isa = PBXBuildFile; fileRef = 833FACD51AFE90BD0021873B /* ArexKit.framework */; settings = {ATTRIBUTES = (CodeSignOnCopy, RemoveHeadersOnCopy, ); }; };
		833FAD111AFE918F0021873B /* MessagePack.framework in Frameworks */ = {isa = PBXBuildFile; fileRef = 833FACC11AFE8FFF0021873B /* MessagePack.framework */; };
		833FAD121AFE918F0021873B /* Monocle.framework in Frameworks */ = {isa = PBXBuildFile; fileRef = 833FACC21AFE8FFF0021873B /* Monocle.framework */; };
		833FAD131AFE918F0021873B /* Pistachio.framework in Frameworks */ = {isa = PBXBuildFile; fileRef = 833FACC41AFE8FFF0021873B /* Pistachio.framework */; };
		833FAD141AFE918F0021873B /* ReactiveCocoa.framework in Frameworks */ = {isa = PBXBuildFile; fileRef = 833FACC61AFE8FFF0021873B /* ReactiveCocoa.framework */; };
		833FAD151AFE918F0021873B /* Result.framework in Frameworks */ = {isa = PBXBuildFile; fileRef = 833FACC71AFE8FFF0021873B /* Result.framework */; };
		833FAD161AFE918F0021873B /* ValueTransformer.framework in Frameworks */ = {isa = PBXBuildFile; fileRef = 833FACC81AFE8FFF0021873B /* ValueTransformer.framework */; };
		833FAD491AFE91EF0021873B /* MedicationsController.swift in Sources */ = {isa = PBXBuildFile; fileRef = 833FAD2B1AFE91EF0021873B /* MedicationsController.swift */; };
		833FAD4B1AFE91EF0021873B /* CSSColors.swift in Sources */ = {isa = PBXBuildFile; fileRef = 833FAD2E1AFE91EF0021873B /* CSSColors.swift */; };
		833FAD4C1AFE91EF0021873B /* DirectoryMonitor.swift in Sources */ = {isa = PBXBuildFile; fileRef = 833FAD2F1AFE91EF0021873B /* DirectoryMonitor.swift */; };
		833FAD4F1AFE91EF0021873B /* Helpers.swift in Sources */ = {isa = PBXBuildFile; fileRef = 833FAD321AFE91EF0021873B /* Helpers.swift */; };
		833FAD501AFE91EF0021873B /* IndexPath.swift in Sources */ = {isa = PBXBuildFile; fileRef = 833FAD331AFE91EF0021873B /* IndexPath.swift */; };
		833FAD511AFE91EF0021873B /* PistachioAdditions.swift in Sources */ = {isa = PBXBuildFile; fileRef = 833FAD341AFE91EF0021873B /* PistachioAdditions.swift */; };
		833FAD521AFE91EF0021873B /* ReactiveCocoaAdditions.swift in Sources */ = {isa = PBXBuildFile; fileRef = 833FAD351AFE91EF0021873B /* ReactiveCocoaAdditions.swift */; };
		833FAD551AFE91EF0021873B /* Medication.swift in Sources */ = {isa = PBXBuildFile; fileRef = 833FAD3A1AFE91EF0021873B /* Medication.swift */; };
		833FAD561AFE91EF0021873B /* Adapters.swift in Sources */ = {isa = PBXBuildFile; fileRef = 833FAD3C1AFE91EF0021873B /* Adapters.swift */; };
		833FAD571AFE91EF0021873B /* DateTransformers.swift in Sources */ = {isa = PBXBuildFile; fileRef = 833FAD3D1AFE91EF0021873B /* DateTransformers.swift */; };
		833FAD581AFE91EF0021873B /* ImageTransformers.swift in Sources */ = {isa = PBXBuildFile; fileRef = 833FAD3E1AFE91EF0021873B /* ImageTransformers.swift */; };
		833FAD591AFE91EF0021873B /* MessagePackValueTransformers.swift in Sources */ = {isa = PBXBuildFile; fileRef = 833FAD3F1AFE91EF0021873B /* MessagePackValueTransformers.swift */; };
		833FAD5A1AFE91EF0021873B /* Schedule.swift in Sources */ = {isa = PBXBuildFile; fileRef = 833FAD401AFE91EF0021873B /* Schedule.swift */; };
		833FAD5B1AFE91EF0021873B /* Time.swift in Sources */ = {isa = PBXBuildFile; fileRef = 833FAD411AFE91EF0021873B /* Time.swift */; };
		833FAD5C1AFE91EF0021873B /* ArexKit.h in Headers */ = {isa = PBXBuildFile; fileRef = 833FAD431AFE91EF0021873B /* ArexKit.h */; settings = {ATTRIBUTES = (Public, ); }; };
		833FAD5E1AFE91EF0021873B /* MedicationDetailViewModel.swift in Sources */ = {isa = PBXBuildFile; fileRef = 833FAD461AFE91EF0021873B /* MedicationDetailViewModel.swift */; };
		833FAD5F1AFE91EF0021873B /* MedicationListCellViewModel.swift in Sources */ = {isa = PBXBuildFile; fileRef = 833FAD471AFE91EF0021873B /* MedicationListCellViewModel.swift */; };
		833FAD601AFE91EF0021873B /* MedicationsListViewModel.swift in Sources */ = {isa = PBXBuildFile; fileRef = 833FAD481AFE91EF0021873B /* MedicationsListViewModel.swift */; };
		833FAD6A1AFE934B0021873B /* ArexTests.swift in Sources */ = {isa = PBXBuildFile; fileRef = 833FAD691AFE934B0021873B /* ArexTests.swift */; };
		833FAD711AFE9EA70021873B /* MessagePackAdapter.swift in Sources */ = {isa = PBXBuildFile; fileRef = 833FAD701AFE9EA70021873B /* MessagePackAdapter.swift */; };
		835A58AE1AFEA3D600062D09 /* MessagePack.framework in Frameworks */ = {isa = PBXBuildFile; fileRef = 833FACC11AFE8FFF0021873B /* MessagePack.framework */; };
		835A58AF1AFEA3D600062D09 /* Monocle.framework in Frameworks */ = {isa = PBXBuildFile; fileRef = 833FACC21AFE8FFF0021873B /* Monocle.framework */; };
		835A58B01AFEA3D600062D09 /* Pistachio.framework in Frameworks */ = {isa = PBXBuildFile; fileRef = 833FACC41AFE8FFF0021873B /* Pistachio.framework */; };
		835A58B11AFEA3D600062D09 /* ReactiveCocoa.framework in Frameworks */ = {isa = PBXBuildFile; fileRef = 833FACC61AFE8FFF0021873B /* ReactiveCocoa.framework */; };
		835A58B21AFEA3D600062D09 /* Result.framework in Frameworks */ = {isa = PBXBuildFile; fileRef = 833FACC71AFE8FFF0021873B /* Result.framework */; };
		835A58B31AFEA3D600062D09 /* ValueTransformer.framework in Frameworks */ = {isa = PBXBuildFile; fileRef = 833FACC81AFE8FFF0021873B /* ValueTransformer.framework */; };
		835A89C31B0197A200C7847C /* MedicationDetailForm.swift in Sources */ = {isa = PBXBuildFile; fileRef = 835A89C21B0197A200C7847C /* MedicationDetailForm.swift */; };
		838AD9B61AF4C59F00CA636B /* EnclosingViewOfType.swift in Sources */ = {isa = PBXBuildFile; fileRef = 838AD9B51AF4C59F00CA636B /* EnclosingViewOfType.swift */; };
		838F471A1B50418300D31AA5 /* ScheduleTypeTests.swift in Sources */ = {isa = PBXBuildFile; fileRef = 838F47191B50418300D31AA5 /* ScheduleTypeTests.swift */; };
		838F471C1B5043EA00D31AA5 /* ScheduleDescriptionTests.swift in Sources */ = {isa = PBXBuildFile; fileRef = 838F471B1B5043EA00D31AA5 /* ScheduleDescriptionTests.swift */; };
		8390C4331A8975490010D616 /* AppDelegate.swift in Sources */ = {isa = PBXBuildFile; fileRef = 8390C4321A8975490010D616 /* AppDelegate.swift */; };
		8390C4381A8975490010D616 /* MedicationsListViewController.swift in Sources */ = {isa = PBXBuildFile; fileRef = 8390C4371A8975490010D616 /* MedicationsListViewController.swift */; };
		8390C43B1A8975490010D616 /* Main.storyboard in Resources */ = {isa = PBXBuildFile; fileRef = 8390C4391A8975490010D616 /* Main.storyboard */; };
		8390C43D1A8975490010D616 /* Images.xcassets in Resources */ = {isa = PBXBuildFile; fileRef = 8390C43C1A8975490010D616 /* Images.xcassets */; };
		8390C4401A8975490010D616 /* LaunchScreen.xib in Resources */ = {isa = PBXBuildFile; fileRef = 8390C43E1A8975490010D616 /* LaunchScreen.xib */; };
		83B2EB731B2DB335003B81E4 /* MainStoryboard.swift in Sources */ = {isa = PBXBuildFile; fileRef = 83B2EB721B2DB335003B81E4 /* MainStoryboard.swift */; };
		83BE348E1B2B91EE000CFE09 /* TimeAdapterTests.swift in Sources */ = {isa = PBXBuildFile; fileRef = 83BE348D1B2B91EE000CFE09 /* TimeAdapterTests.swift */; };
		83BE34901B2B9926000CFE09 /* PropertyMap.swift in Sources */ = {isa = PBXBuildFile; fileRef = 83BE348F1B2B9926000CFE09 /* PropertyMap.swift */; };
		83BE34971B2B9E9E000CFE09 /* PropertyMapTests.swift in Sources */ = {isa = PBXBuildFile; fileRef = 83BE34961B2B9E9E000CFE09 /* PropertyMapTests.swift */; };
		83CF072A1AC3632F00C2EB81 /* UIFontLineHeightUsingCoreText.swift in Sources */ = {isa = PBXBuildFile; fileRef = 83CF07291AC3632F00C2EB81 /* UIFontLineHeightUsingCoreText.swift */; };
		83CF072C1AC364A700C2EB81 /* Colors.swift in Sources */ = {isa = PBXBuildFile; fileRef = 83CF072B1AC364A700C2EB81 /* Colors.swift */; };
		83D2D4E91B2B40C000A15CA6 /* DictionaryAddition.swift in Sources */ = {isa = PBXBuildFile; fileRef = 83D2D4E81B2B40C000A15CA6 /* DictionaryAddition.swift */; };
		83D2D4EB1B2B6CEA00A15CA6 /* CSSColorsTests.swift in Sources */ = {isa = PBXBuildFile; fileRef = 83D2D4EA1B2B6CEA00A15CA6 /* CSSColorsTests.swift */; };
		83D2D4EF1B2B702E00A15CA6 /* DirectoryMonitorTests.swift in Sources */ = {isa = PBXBuildFile; fileRef = 83D2D4EE1B2B702E00A15CA6 /* DirectoryMonitorTests.swift */; };
		83D2D4F11B2B881200A15CA6 /* HelpersTests.swift in Sources */ = {isa = PBXBuildFile; fileRef = 83D2D4F01B2B881200A15CA6 /* HelpersTests.swift */; };
		83D2D4F31B2B88BF00A15CA6 /* IndexPathTests.swift in Sources */ = {isa = PBXBuildFile; fileRef = 83D2D4F21B2B88BF00A15CA6 /* IndexPathTests.swift */; };
		83D2D4F51B2B8A1500A15CA6 /* ReactiveCocoaAdditionsTests.swift in Sources */ = {isa = PBXBuildFile; fileRef = 83D2D4F41B2B8A1500A15CA6 /* ReactiveCocoaAdditionsTests.swift */; };
		83D2D4F71B2B8A4B00A15CA6 /* XCTestAdditions.swift in Sources */ = {isa = PBXBuildFile; fileRef = 83D2D4F61B2B8A4B00A15CA6 /* XCTestAdditions.swift */; };
		83D2D4F91B2B8C5C00A15CA6 /* ScheduleAdapterTests.swift in Sources */ = {isa = PBXBuildFile; fileRef = 83D2D4F81B2B8C5C00A15CA6 /* ScheduleAdapterTests.swift */; };
		83D45E0B1B2BB04600B2E7AE /* TodayViewController.swift in Sources */ = {isa = PBXBuildFile; fileRef = 83D45E0A1B2BB04600B2E7AE /* TodayViewController.swift */; };
		83D45E0D1B2BB09000B2E7AE /* TodayViewModel.swift in Sources */ = {isa = PBXBuildFile; fileRef = 83D45E0C1B2BB09000B2E7AE /* TodayViewModel.swift */; };
		83EFC9211ABC8DC400699EA2 /* MedicationDetailViewController.swift in Sources */ = {isa = PBXBuildFile; fileRef = 83EFC9201ABC8DC400699EA2 /* MedicationDetailViewController.swift */; };
/* End PBXBuildFile section */

/* Begin PBXContainerItemProxy section */
		833FACE11AFE90BD0021873B /* PBXContainerItemProxy */ = {
			isa = PBXContainerItemProxy;
			containerPortal = 8390C4251A8975490010D616 /* Project object */;
			proxyType = 1;
			remoteGlobalIDString = 833FACD41AFE90BD0021873B;
			remoteInfo = ArexKit;
		};
		833FAD0B1AFE91670021873B /* PBXContainerItemProxy */ = {
			isa = PBXContainerItemProxy;
			containerPortal = 8390C4251A8975490010D616 /* Project object */;
			proxyType = 1;
			remoteGlobalIDString = 833FACD41AFE90BD0021873B;
			remoteInfo = ArexKit;
		};
		833FAD6B1AFE934B0021873B /* PBXContainerItemProxy */ = {
			isa = PBXContainerItemProxy;
			containerPortal = 8390C4251A8975490010D616 /* Project object */;
			proxyType = 1;
			remoteGlobalIDString = 8390C42C1A8975490010D616;
			remoteInfo = Arex;
		};
/* End PBXContainerItemProxy section */

/* Begin PBXCopyFilesBuildPhase section */
		833FAD0D1AFE91670021873B /* Embed Frameworks */ = {
			isa = PBXCopyFilesBuildPhase;
			buildActionMask = 2147483647;
			dstPath = "";
			dstSubfolderSpec = 10;
			files = (
				833FAD0A1AFE91670021873B /* ArexKit.framework in Embed Frameworks */,
			);
			name = "Embed Frameworks";
			runOnlyForDeploymentPostprocessing = 0;
		};
/* End PBXCopyFilesBuildPhase section */

/* Begin PBXFileReference section */
		830C80FD1ABB9D8700AE7E12 /* MedicationsListCell.swift */ = {isa = PBXFileReference; fileEncoding = 4; lastKnownFileType = sourcecode.swift; path = MedicationsListCell.swift; sourceTree = "<group>"; };
		83335B511B01350A00C41DE2 /* FXForms.h */ = {isa = PBXFileReference; fileEncoding = 4; lastKnownFileType = sourcecode.c.h; path = FXForms.h; sourceTree = "<group>"; };
		83335B521B01350A00C41DE2 /* FXForms.m */ = {isa = PBXFileReference; fileEncoding = 4; lastKnownFileType = sourcecode.c.objc; path = FXForms.m; sourceTree = "<group>"; };
		8334F1D21B2A3E1C00BDE13D /* ScheduleType.swift */ = {isa = PBXFileReference; fileEncoding = 4; lastKnownFileType = sourcecode.swift; path = ScheduleType.swift; sourceTree = "<group>"; };
		833FACC11AFE8FFF0021873B /* MessagePack.framework */ = {isa = PBXFileReference; lastKnownFileType = wrapper.framework; name = MessagePack.framework; path = Carthage/Build/iOS/MessagePack.framework; sourceTree = "<group>"; };
		833FACC21AFE8FFF0021873B /* Monocle.framework */ = {isa = PBXFileReference; lastKnownFileType = wrapper.framework; name = Monocle.framework; path = Carthage/Build/iOS/Monocle.framework; sourceTree = "<group>"; };
		833FACC41AFE8FFF0021873B /* Pistachio.framework */ = {isa = PBXFileReference; lastKnownFileType = wrapper.framework; name = Pistachio.framework; path = Carthage/Build/iOS/Pistachio.framework; sourceTree = "<group>"; };
		833FACC61AFE8FFF0021873B /* ReactiveCocoa.framework */ = {isa = PBXFileReference; lastKnownFileType = wrapper.framework; name = ReactiveCocoa.framework; path = Carthage/Build/iOS/ReactiveCocoa.framework; sourceTree = "<group>"; };
		833FACC71AFE8FFF0021873B /* Result.framework */ = {isa = PBXFileReference; lastKnownFileType = wrapper.framework; name = Result.framework; path = Carthage/Build/iOS/Result.framework; sourceTree = "<group>"; };
		833FACC81AFE8FFF0021873B /* ValueTransformer.framework */ = {isa = PBXFileReference; lastKnownFileType = wrapper.framework; name = ValueTransformer.framework; path = Carthage/Build/iOS/ValueTransformer.framework; sourceTree = "<group>"; };
		833FACCB1AFE90460021873B /* Arex-Bridging-Header.h */ = {isa = PBXFileReference; lastKnownFileType = sourcecode.c.h; path = "Arex-Bridging-Header.h"; sourceTree = "<group>"; };
		833FACCC1AFE90470021873B /* SAMTextView.h */ = {isa = PBXFileReference; fileEncoding = 4; lastKnownFileType = sourcecode.c.h; name = SAMTextView.h; path = Libraries/SAMTextView/SAMTextView/SAMTextView.h; sourceTree = "<group>"; };
		833FACCD1AFE90470021873B /* SAMTextView.m */ = {isa = PBXFileReference; fileEncoding = 4; lastKnownFileType = sourcecode.c.objc; name = SAMTextView.m; path = Libraries/SAMTextView/SAMTextView/SAMTextView.m; sourceTree = "<group>"; };
		833FACD51AFE90BD0021873B /* ArexKit.framework */ = {isa = PBXFileReference; explicitFileType = wrapper.framework; includeInIndex = 0; path = ArexKit.framework; sourceTree = BUILT_PRODUCTS_DIR; };
		833FACDF1AFE90BD0021873B /* ArexKitTests.xctest */ = {isa = PBXFileReference; explicitFileType = wrapper.cfbundle; includeInIndex = 0; path = ArexKitTests.xctest; sourceTree = BUILT_PRODUCTS_DIR; };
		833FACE51AFE90BD0021873B /* Info.plist */ = {isa = PBXFileReference; lastKnownFileType = text.plist.xml; path = Info.plist; sourceTree = "<group>"; };
		833FAD2B1AFE91EF0021873B /* MedicationsController.swift */ = {isa = PBXFileReference; fileEncoding = 4; lastKnownFileType = sourcecode.swift; path = MedicationsController.swift; sourceTree = "<group>"; };
		833FAD2E1AFE91EF0021873B /* CSSColors.swift */ = {isa = PBXFileReference; fileEncoding = 4; lastKnownFileType = sourcecode.swift; path = CSSColors.swift; sourceTree = "<group>"; };
		833FAD2F1AFE91EF0021873B /* DirectoryMonitor.swift */ = {isa = PBXFileReference; fileEncoding = 4; lastKnownFileType = sourcecode.swift; path = DirectoryMonitor.swift; sourceTree = "<group>"; };
		833FAD321AFE91EF0021873B /* Helpers.swift */ = {isa = PBXFileReference; fileEncoding = 4; lastKnownFileType = sourcecode.swift; path = Helpers.swift; sourceTree = "<group>"; };
		833FAD331AFE91EF0021873B /* IndexPath.swift */ = {isa = PBXFileReference; fileEncoding = 4; lastKnownFileType = sourcecode.swift; path = IndexPath.swift; sourceTree = "<group>"; };
		833FAD341AFE91EF0021873B /* PistachioAdditions.swift */ = {isa = PBXFileReference; fileEncoding = 4; lastKnownFileType = sourcecode.swift; path = PistachioAdditions.swift; sourceTree = "<group>"; };
		833FAD351AFE91EF0021873B /* ReactiveCocoaAdditions.swift */ = {isa = PBXFileReference; fileEncoding = 4; lastKnownFileType = sourcecode.swift; path = ReactiveCocoaAdditions.swift; sourceTree = "<group>"; };
		833FAD3A1AFE91EF0021873B /* Medication.swift */ = {isa = PBXFileReference; fileEncoding = 4; lastKnownFileType = sourcecode.swift; path = Medication.swift; sourceTree = "<group>"; };
		833FAD3C1AFE91EF0021873B /* Adapters.swift */ = {isa = PBXFileReference; fileEncoding = 4; lastKnownFileType = sourcecode.swift; path = Adapters.swift; sourceTree = "<group>"; };
		833FAD3D1AFE91EF0021873B /* DateTransformers.swift */ = {isa = PBXFileReference; fileEncoding = 4; lastKnownFileType = sourcecode.swift; path = DateTransformers.swift; sourceTree = "<group>"; };
		833FAD3E1AFE91EF0021873B /* ImageTransformers.swift */ = {isa = PBXFileReference; fileEncoding = 4; lastKnownFileType = sourcecode.swift; path = ImageTransformers.swift; sourceTree = "<group>"; };
		833FAD3F1AFE91EF0021873B /* MessagePackValueTransformers.swift */ = {isa = PBXFileReference; fileEncoding = 4; lastKnownFileType = sourcecode.swift; path = MessagePackValueTransformers.swift; sourceTree = "<group>"; };
		833FAD401AFE91EF0021873B /* Schedule.swift */ = {isa = PBXFileReference; fileEncoding = 4; lastKnownFileType = sourcecode.swift; path = Schedule.swift; sourceTree = "<group>"; };
		833FAD411AFE91EF0021873B /* Time.swift */ = {isa = PBXFileReference; fileEncoding = 4; lastKnownFileType = sourcecode.swift; path = Time.swift; sourceTree = "<group>"; };
		833FAD431AFE91EF0021873B /* ArexKit.h */ = {isa = PBXFileReference; fileEncoding = 4; lastKnownFileType = sourcecode.c.h; path = ArexKit.h; sourceTree = "<group>"; };
		833FAD441AFE91EF0021873B /* Info.plist */ = {isa = PBXFileReference; fileEncoding = 4; lastKnownFileType = text.plist.xml; path = Info.plist; sourceTree = "<group>"; };
		833FAD461AFE91EF0021873B /* MedicationDetailViewModel.swift */ = {isa = PBXFileReference; fileEncoding = 4; lastKnownFileType = sourcecode.swift; path = MedicationDetailViewModel.swift; sourceTree = "<group>"; };
		833FAD471AFE91EF0021873B /* MedicationListCellViewModel.swift */ = {isa = PBXFileReference; fileEncoding = 4; lastKnownFileType = sourcecode.swift; path = MedicationListCellViewModel.swift; sourceTree = "<group>"; };
		833FAD481AFE91EF0021873B /* MedicationsListViewModel.swift */ = {isa = PBXFileReference; fileEncoding = 4; lastKnownFileType = sourcecode.swift; path = MedicationsListViewModel.swift; sourceTree = "<group>"; };
		833FAD651AFE934B0021873B /* ArexTests.xctest */ = {isa = PBXFileReference; explicitFileType = wrapper.cfbundle; includeInIndex = 0; path = ArexTests.xctest; sourceTree = BUILT_PRODUCTS_DIR; };
		833FAD681AFE934B0021873B /* Info.plist */ = {isa = PBXFileReference; lastKnownFileType = text.plist.xml; path = Info.plist; sourceTree = "<group>"; };
		833FAD691AFE934B0021873B /* ArexTests.swift */ = {isa = PBXFileReference; lastKnownFileType = sourcecode.swift; path = ArexTests.swift; sourceTree = "<group>"; };
		833FAD701AFE9EA70021873B /* MessagePackAdapter.swift */ = {isa = PBXFileReference; fileEncoding = 4; lastKnownFileType = sourcecode.swift; path = MessagePackAdapter.swift; sourceTree = "<group>"; };
		835A89C21B0197A200C7847C /* MedicationDetailForm.swift */ = {isa = PBXFileReference; fileEncoding = 4; lastKnownFileType = sourcecode.swift; path = MedicationDetailForm.swift; sourceTree = "<group>"; };
		838AD9B51AF4C59F00CA636B /* EnclosingViewOfType.swift */ = {isa = PBXFileReference; fileEncoding = 4; lastKnownFileType = sourcecode.swift; path = EnclosingViewOfType.swift; sourceTree = "<group>"; };
		838F47191B50418300D31AA5 /* ScheduleTypeTests.swift */ = {isa = PBXFileReference; fileEncoding = 4; lastKnownFileType = sourcecode.swift; path = ScheduleTypeTests.swift; sourceTree = "<group>"; };
		838F471B1B5043EA00D31AA5 /* ScheduleDescriptionTests.swift */ = {isa = PBXFileReference; fileEncoding = 4; lastKnownFileType = sourcecode.swift; path = ScheduleDescriptionTests.swift; sourceTree = "<group>"; };
		8390C42D1A8975490010D616 /* Arex.app */ = {isa = PBXFileReference; explicitFileType = wrapper.application; includeInIndex = 0; path = Arex.app; sourceTree = BUILT_PRODUCTS_DIR; };
		8390C4311A8975490010D616 /* Info.plist */ = {isa = PBXFileReference; lastKnownFileType = text.plist.xml; path = Info.plist; sourceTree = "<group>"; };
		8390C4321A8975490010D616 /* AppDelegate.swift */ = {isa = PBXFileReference; lastKnownFileType = sourcecode.swift; path = AppDelegate.swift; sourceTree = "<group>"; };
		8390C4371A8975490010D616 /* MedicationsListViewController.swift */ = {isa = PBXFileReference; lastKnownFileType = sourcecode.swift; path = MedicationsListViewController.swift; sourceTree = "<group>"; };
		8390C43A1A8975490010D616 /* Base */ = {isa = PBXFileReference; lastKnownFileType = file.storyboard; name = Base; path = Base.lproj/Main.storyboard; sourceTree = "<group>"; };
		8390C43C1A8975490010D616 /* Images.xcassets */ = {isa = PBXFileReference; lastKnownFileType = folder.assetcatalog; path = Images.xcassets; sourceTree = "<group>"; };
		8390C43F1A8975490010D616 /* Base */ = {isa = PBXFileReference; lastKnownFileType = file.xib; name = Base; path = Base.lproj/LaunchScreen.xib; sourceTree = "<group>"; };
		83B2EB721B2DB335003B81E4 /* MainStoryboard.swift */ = {isa = PBXFileReference; fileEncoding = 4; lastKnownFileType = sourcecode.swift; path = MainStoryboard.swift; sourceTree = "<group>"; };
		83BE348D1B2B91EE000CFE09 /* TimeAdapterTests.swift */ = {isa = PBXFileReference; fileEncoding = 4; lastKnownFileType = sourcecode.swift; path = TimeAdapterTests.swift; sourceTree = "<group>"; };
		83BE348F1B2B9926000CFE09 /* PropertyMap.swift */ = {isa = PBXFileReference; fileEncoding = 4; lastKnownFileType = sourcecode.swift; path = PropertyMap.swift; sourceTree = "<group>"; };
		83BE34961B2B9E9E000CFE09 /* PropertyMapTests.swift */ = {isa = PBXFileReference; fileEncoding = 4; lastKnownFileType = sourcecode.swift; path = PropertyMapTests.swift; sourceTree = "<group>"; };
		83CF07291AC3632F00C2EB81 /* UIFontLineHeightUsingCoreText.swift */ = {isa = PBXFileReference; fileEncoding = 4; lastKnownFileType = sourcecode.swift; path = UIFontLineHeightUsingCoreText.swift; sourceTree = "<group>"; };
		83CF072B1AC364A700C2EB81 /* Colors.swift */ = {isa = PBXFileReference; fileEncoding = 4; lastKnownFileType = sourcecode.swift; path = Colors.swift; sourceTree = "<group>"; };
		83D2D4E81B2B40C000A15CA6 /* DictionaryAddition.swift */ = {isa = PBXFileReference; fileEncoding = 4; lastKnownFileType = sourcecode.swift; path = DictionaryAddition.swift; sourceTree = "<group>"; };
		83D2D4EA1B2B6CEA00A15CA6 /* CSSColorsTests.swift */ = {isa = PBXFileReference; fileEncoding = 4; lastKnownFileType = sourcecode.swift; path = CSSColorsTests.swift; sourceTree = "<group>"; };
		83D2D4EE1B2B702E00A15CA6 /* DirectoryMonitorTests.swift */ = {isa = PBXFileReference; fileEncoding = 4; lastKnownFileType = sourcecode.swift; path = DirectoryMonitorTests.swift; sourceTree = "<group>"; };
		83D2D4F01B2B881200A15CA6 /* HelpersTests.swift */ = {isa = PBXFileReference; fileEncoding = 4; lastKnownFileType = sourcecode.swift; path = HelpersTests.swift; sourceTree = "<group>"; };
		83D2D4F21B2B88BF00A15CA6 /* IndexPathTests.swift */ = {isa = PBXFileReference; fileEncoding = 4; lastKnownFileType = sourcecode.swift; path = IndexPathTests.swift; sourceTree = "<group>"; };
		83D2D4F41B2B8A1500A15CA6 /* ReactiveCocoaAdditionsTests.swift */ = {isa = PBXFileReference; fileEncoding = 4; lastKnownFileType = sourcecode.swift; path = ReactiveCocoaAdditionsTests.swift; sourceTree = "<group>"; };
		83D2D4F61B2B8A4B00A15CA6 /* XCTestAdditions.swift */ = {isa = PBXFileReference; fileEncoding = 4; lastKnownFileType = sourcecode.swift; path = XCTestAdditions.swift; sourceTree = "<group>"; };
		83D2D4F81B2B8C5C00A15CA6 /* ScheduleAdapterTests.swift */ = {isa = PBXFileReference; fileEncoding = 4; lastKnownFileType = sourcecode.swift; path = ScheduleAdapterTests.swift; sourceTree = "<group>"; };
		83D45E0A1B2BB04600B2E7AE /* TodayViewController.swift */ = {isa = PBXFileReference; fileEncoding = 4; lastKnownFileType = sourcecode.swift; path = TodayViewController.swift; sourceTree = "<group>"; };
		83D45E0C1B2BB09000B2E7AE /* TodayViewModel.swift */ = {isa = PBXFileReference; fileEncoding = 4; lastKnownFileType = sourcecode.swift; path = TodayViewModel.swift; sourceTree = "<group>"; };
		83EFC9201ABC8DC400699EA2 /* MedicationDetailViewController.swift */ = {isa = PBXFileReference; fileEncoding = 4; lastKnownFileType = sourcecode.swift; lineEnding = 0; path = MedicationDetailViewController.swift; sourceTree = "<group>"; xcLanguageSpecificationIdentifier = xcode.lang.swift; };
/* End PBXFileReference section */

/* Begin PBXFrameworksBuildPhase section */
		833FACD11AFE90BD0021873B /* Frameworks */ = {
			isa = PBXFrameworksBuildPhase;
			buildActionMask = 2147483647;
			files = (
				833FAD111AFE918F0021873B /* MessagePack.framework in Frameworks */,
				833FAD121AFE918F0021873B /* Monocle.framework in Frameworks */,
				833FAD131AFE918F0021873B /* Pistachio.framework in Frameworks */,
				833FAD141AFE918F0021873B /* ReactiveCocoa.framework in Frameworks */,
				833FAD151AFE918F0021873B /* Result.framework in Frameworks */,
				833FAD161AFE918F0021873B /* ValueTransformer.framework in Frameworks */,
			);
			runOnlyForDeploymentPostprocessing = 0;
		};
		833FACDC1AFE90BD0021873B /* Frameworks */ = {
			isa = PBXFrameworksBuildPhase;
			buildActionMask = 2147483647;
			files = (
				833FACE01AFE90BD0021873B /* ArexKit.framework in Frameworks */,
				835A58AE1AFEA3D600062D09 /* MessagePack.framework in Frameworks */,
				835A58AF1AFEA3D600062D09 /* Monocle.framework in Frameworks */,
				835A58B01AFEA3D600062D09 /* Pistachio.framework in Frameworks */,
				835A58B11AFEA3D600062D09 /* ReactiveCocoa.framework in Frameworks */,
				835A58B21AFEA3D600062D09 /* Result.framework in Frameworks */,
				835A58B31AFEA3D600062D09 /* ValueTransformer.framework in Frameworks */,
			);
			runOnlyForDeploymentPostprocessing = 0;
		};
		833FAD621AFE934B0021873B /* Frameworks */ = {
			isa = PBXFrameworksBuildPhase;
			buildActionMask = 2147483647;
			files = (
			);
			runOnlyForDeploymentPostprocessing = 0;
		};
		8390C42A1A8975490010D616 /* Frameworks */ = {
			isa = PBXFrameworksBuildPhase;
			buildActionMask = 2147483647;
			files = (
				833FAD091AFE91670021873B /* ArexKit.framework in Frameworks */,
			);
			runOnlyForDeploymentPostprocessing = 0;
		};
/* End PBXFrameworksBuildPhase section */

/* Begin PBXGroup section */
		83335B501B01350A00C41DE2 /* FXForms */ = {
			isa = PBXGroup;
			children = (
				83335B511B01350A00C41DE2 /* FXForms.h */,
				83335B521B01350A00C41DE2 /* FXForms.m */,
			);
			name = FXForms;
			path = Libraries/FXForms/FXForms;
			sourceTree = "<group>";
		};
		833FACC91AFE90040021873B /* Libraries */ = {
			isa = PBXGroup;
			children = (
				83335B501B01350A00C41DE2 /* FXForms */,
				833FACCA1AFE902D0021873B /* SAMTextView */,
			);
			name = Libraries;
			sourceTree = "<group>";
		};
		833FACCA1AFE902D0021873B /* SAMTextView */ = {
			isa = PBXGroup;
			children = (
				833FACCC1AFE90470021873B /* SAMTextView.h */,
				833FACCD1AFE90470021873B /* SAMTextView.m */,
			);
			name = SAMTextView;
			sourceTree = "<group>";
		};
		833FACD61AFE90BD0021873B /* ArexKit */ = {
			isa = PBXGroup;
			children = (
				833FAD2A1AFE91EF0021873B /* Controllers */,
				833FAD2C1AFE91EF0021873B /* Functions */,
				833FAD391AFE91EF0021873B /* Models */,
				833FAD421AFE91EF0021873B /* Supporting Files */,
				833FAD451AFE91EF0021873B /* View Models */,
			);
			path = ArexKit;
			sourceTree = "<group>";
		};
		833FACE31AFE90BD0021873B /* ArexKitTests */ = {
			isa = PBXGroup;
			children = (
				83D2D4EA1B2B6CEA00A15CA6 /* CSSColorsTests.swift */,
				83D2D4EE1B2B702E00A15CA6 /* DirectoryMonitorTests.swift */,
				83D2D4F01B2B881200A15CA6 /* HelpersTests.swift */,
				83D2D4F21B2B88BF00A15CA6 /* IndexPathTests.swift */,
				83BE34961B2B9E9E000CFE09 /* PropertyMapTests.swift */,
				83D2D4F41B2B8A1500A15CA6 /* ReactiveCocoaAdditionsTests.swift */,
				83D2D4F81B2B8C5C00A15CA6 /* ScheduleAdapterTests.swift */,
				838F471B1B5043EA00D31AA5 /* ScheduleDescriptionTests.swift */,
				838F47191B50418300D31AA5 /* ScheduleTypeTests.swift */,
				833FACE41AFE90BD0021873B /* Supporting Files */,
				83BE348D1B2B91EE000CFE09 /* TimeAdapterTests.swift */,
				83D2D4F61B2B8A4B00A15CA6 /* XCTestAdditions.swift */,
			);
			path = ArexKitTests;
			sourceTree = "<group>";
		};
		833FACE41AFE90BD0021873B /* Supporting Files */ = {
			isa = PBXGroup;
			children = (
				833FACE51AFE90BD0021873B /* Info.plist */,
			);
			path = "Supporting Files";
			sourceTree = "<group>";
		};
		833FAD2A1AFE91EF0021873B /* Controllers */ = {
			isa = PBXGroup;
			children = (
				833FAD2B1AFE91EF0021873B /* MedicationsController.swift */,
			);
			path = Controllers;
			sourceTree = "<group>";
		};
		833FAD2C1AFE91EF0021873B /* Functions */ = {
			isa = PBXGroup;
			children = (
				833FAD2E1AFE91EF0021873B /* CSSColors.swift */,
				83D2D4E81B2B40C000A15CA6 /* DictionaryAddition.swift */,
				833FAD2F1AFE91EF0021873B /* DirectoryMonitor.swift */,
				833FAD321AFE91EF0021873B /* Helpers.swift */,
				833FAD331AFE91EF0021873B /* IndexPath.swift */,
				833FAD341AFE91EF0021873B /* PistachioAdditions.swift */,
				833FAD351AFE91EF0021873B /* ReactiveCocoaAdditions.swift */,
				83BE348F1B2B9926000CFE09 /* PropertyMap.swift */,
			);
			path = Functions;
			sourceTree = "<group>";
		};
		833FAD391AFE91EF0021873B /* Models */ = {
			isa = PBXGroup;
			children = (
				833FAD3B1AFE91EF0021873B /* Pistachio */,
				833FAD3A1AFE91EF0021873B /* Medication.swift */,
				833FAD401AFE91EF0021873B /* Schedule.swift */,
				8334F1D21B2A3E1C00BDE13D /* ScheduleType.swift */,
				833FAD411AFE91EF0021873B /* Time.swift */,
			);
			path = Models;
			sourceTree = "<group>";
		};
		833FAD3B1AFE91EF0021873B /* Pistachio */ = {
			isa = PBXGroup;
			children = (
				833FAD3C1AFE91EF0021873B /* Adapters.swift */,
				833FAD3D1AFE91EF0021873B /* DateTransformers.swift */,
				833FAD3E1AFE91EF0021873B /* ImageTransformers.swift */,
				833FAD701AFE9EA70021873B /* MessagePackAdapter.swift */,
				833FAD3F1AFE91EF0021873B /* MessagePackValueTransformers.swift */,
			);
			path = Pistachio;
			sourceTree = "<group>";
		};
		833FAD421AFE91EF0021873B /* Supporting Files */ = {
			isa = PBXGroup;
			children = (
				833FAD431AFE91EF0021873B /* ArexKit.h */,
				833FAD441AFE91EF0021873B /* Info.plist */,
			);
			path = "Supporting Files";
			sourceTree = "<group>";
		};
		833FAD451AFE91EF0021873B /* View Models */ = {
			isa = PBXGroup;
			children = (
				835A89C21B0197A200C7847C /* MedicationDetailForm.swift */,
				833FAD461AFE91EF0021873B /* MedicationDetailViewModel.swift */,
				833FAD471AFE91EF0021873B /* MedicationListCellViewModel.swift */,
				833FAD481AFE91EF0021873B /* MedicationsListViewModel.swift */,
				83D45E0C1B2BB09000B2E7AE /* TodayViewModel.swift */,
			);
			path = "View Models";
			sourceTree = "<group>";
		};
		833FAD661AFE934B0021873B /* ArexTests */ = {
			isa = PBXGroup;
			children = (
				833FAD691AFE934B0021873B /* ArexTests.swift */,
				833FAD671AFE934B0021873B /* Supporting Files */,
			);
			path = ArexTests;
			sourceTree = "<group>";
		};
		833FAD671AFE934B0021873B /* Supporting Files */ = {
			isa = PBXGroup;
			children = (
				833FAD681AFE934B0021873B /* Info.plist */,
			);
			path = "Supporting Files";
			sourceTree = "<group>";
		};
		83804A401A8EA3FD004D92DA /* Frameworks */ = {
			isa = PBXGroup;
			children = (
				833FACC11AFE8FFF0021873B /* MessagePack.framework */,
				833FACC21AFE8FFF0021873B /* Monocle.framework */,
				833FACC41AFE8FFF0021873B /* Pistachio.framework */,
				833FACC61AFE8FFF0021873B /* ReactiveCocoa.framework */,
				833FACC71AFE8FFF0021873B /* Result.framework */,
				833FACC81AFE8FFF0021873B /* ValueTransformer.framework */,
			);
			name = Frameworks;
			sourceTree = "<group>";
		};
		838AD9B31AF3E1CE00CA636B /* Cells */ = {
			isa = PBXGroup;
			children = (
				830C80FD1ABB9D8700AE7E12 /* MedicationsListCell.swift */,
			);
			path = Cells;
			sourceTree = "<group>";
		};
		838AD9B41AF3E1D300CA636B /* View Controllers */ = {
			isa = PBXGroup;
			children = (
				83EFC9201ABC8DC400699EA2 /* MedicationDetailViewController.swift */,
				8390C4371A8975490010D616 /* MedicationsListViewController.swift */,
				83D45E0A1B2BB04600B2E7AE /* TodayViewController.swift */,
			);
			path = "View Controllers";
			sourceTree = "<group>";
		};
		8390C4241A8975490010D616 = {
			isa = PBXGroup;
			children = (
				8390C42F1A8975490010D616 /* Arex */,
				833FAD661AFE934B0021873B /* ArexTests */,
				833FACD61AFE90BD0021873B /* ArexKit */,
				833FACE31AFE90BD0021873B /* ArexKitTests */,
				83804A401A8EA3FD004D92DA /* Frameworks */,
				833FACC91AFE90040021873B /* Libraries */,
				8390C42E1A8975490010D616 /* Products */,
			);
			indentWidth = 4;
			sourceTree = "<group>";
			tabWidth = 4;
			usesTabs = 0;
			wrapsLines = 1;
		};
		8390C42E1A8975490010D616 /* Products */ = {
			isa = PBXGroup;
			children = (
				8390C42D1A8975490010D616 /* Arex.app */,
				833FACD51AFE90BD0021873B /* ArexKit.framework */,
				833FACDF1AFE90BD0021873B /* ArexKitTests.xctest */,
				833FAD651AFE934B0021873B /* ArexTests.xctest */,
			);
			name = Products;
			sourceTree = "<group>";
		};
		8390C42F1A8975490010D616 /* Arex */ = {
			isa = PBXGroup;
			children = (
				8390C4321A8975490010D616 /* AppDelegate.swift */,
				83DF6F5D1ACEC46C00CF454A /* Extensions */,
				83DF6F5E1ACEC47100CF454A /* Helpers */,
				8390C4301A8975490010D616 /* Supporting Files */,
				83E1FC4F1AB5FD5A00333762 /* Views */,
			);
			path = Arex;
			sourceTree = "<group>";
		};
		8390C4301A8975490010D616 /* Supporting Files */ = {
			isa = PBXGroup;
			children = (
				833FACCB1AFE90460021873B /* Arex-Bridging-Header.h */,
				8390C43C1A8975490010D616 /* Images.xcassets */,
				8390C4311A8975490010D616 /* Info.plist */,
				8390C43E1A8975490010D616 /* LaunchScreen.xib */,
				8390C4391A8975490010D616 /* Main.storyboard */,
			);
			path = "Supporting Files";
			sourceTree = "<group>";
		};
		83DF6F5D1ACEC46C00CF454A /* Extensions */ = {
			isa = PBXGroup;
			children = (
				838AD9B51AF4C59F00CA636B /* EnclosingViewOfType.swift */,
				83CF07291AC3632F00C2EB81 /* UIFontLineHeightUsingCoreText.swift */,
			);
			path = Extensions;
			sourceTree = "<group>";
		};
		83DF6F5E1ACEC47100CF454A /* Helpers */ = {
			isa = PBXGroup;
			children = (
				83CF072B1AC364A700C2EB81 /* Colors.swift */,
				83B2EB721B2DB335003B81E4 /* MainStoryboard.swift */,
			);
			path = Helpers;
			sourceTree = "<group>";
		};
		83E1FC4F1AB5FD5A00333762 /* Views */ = {
			isa = PBXGroup;
			children = (
				838AD9B31AF3E1CE00CA636B /* Cells */,
				838AD9B41AF3E1D300CA636B /* View Controllers */,
			);
			path = Views;
			sourceTree = "<group>";
		};
/* End PBXGroup section */

/* Begin PBXHeadersBuildPhase section */
		833FACD21AFE90BD0021873B /* Headers */ = {
			isa = PBXHeadersBuildPhase;
			buildActionMask = 2147483647;
			files = (
				83335B531B01350A00C41DE2 /* FXForms.h in Headers */,
				833FAD5C1AFE91EF0021873B /* ArexKit.h in Headers */,
			);
			runOnlyForDeploymentPostprocessing = 0;
		};
/* End PBXHeadersBuildPhase section */

/* Begin PBXNativeTarget section */
		833FACD41AFE90BD0021873B /* ArexKit */ = {
			isa = PBXNativeTarget;
			buildConfigurationList = 833FACE81AFE90BD0021873B /* Build configuration list for PBXNativeTarget "ArexKit" */;
			buildPhases = (
				833FACD01AFE90BD0021873B /* Sources */,
				833FACD11AFE90BD0021873B /* Frameworks */,
				833FACD21AFE90BD0021873B /* Headers */,
				833FACD31AFE90BD0021873B /* Resources */,
			);
			buildRules = (
			);
			dependencies = (
			);
			name = ArexKit;
			productName = ArexKit;
			productReference = 833FACD51AFE90BD0021873B /* ArexKit.framework */;
			productType = "com.apple.product-type.framework";
		};
		833FACDE1AFE90BD0021873B /* ArexKitTests */ = {
			isa = PBXNativeTarget;
			buildConfigurationList = 833FACEB1AFE90BD0021873B /* Build configuration list for PBXNativeTarget "ArexKitTests" */;
			buildPhases = (
				833FACDB1AFE90BD0021873B /* Sources */,
				833FACDC1AFE90BD0021873B /* Frameworks */,
				833FACDD1AFE90BD0021873B /* Resources */,
				833FAD021AFE91130021873B /* Embed Carthage Frameworks */,
			);
			buildRules = (
			);
			dependencies = (
				833FACE21AFE90BD0021873B /* PBXTargetDependency */,
			);
			name = ArexKitTests;
			productName = ArexKitTests;
			productReference = 833FACDF1AFE90BD0021873B /* ArexKitTests.xctest */;
			productType = "com.apple.product-type.bundle.unit-test";
		};
		833FAD641AFE934B0021873B /* ArexTests */ = {
			isa = PBXNativeTarget;
			buildConfigurationList = 833FAD6D1AFE934B0021873B /* Build configuration list for PBXNativeTarget "ArexTests" */;
			buildPhases = (
				833FAD611AFE934B0021873B /* Sources */,
				833FAD621AFE934B0021873B /* Frameworks */,
				833FAD631AFE934B0021873B /* Resources */,
			);
			buildRules = (
			);
			dependencies = (
				833FAD6C1AFE934B0021873B /* PBXTargetDependency */,
			);
			name = ArexTests;
			productName = ArexTests;
			productReference = 833FAD651AFE934B0021873B /* ArexTests.xctest */;
			productType = "com.apple.product-type.bundle.unit-test";
		};
		8390C42C1A8975490010D616 /* Arex */ = {
			isa = PBXNativeTarget;
			buildConfigurationList = 8390C44F1A8975490010D616 /* Build configuration list for PBXNativeTarget "Arex" */;
			buildPhases = (
				83B2EB741B2DB343003B81E4 /* Run Natalie */,
				8390C4291A8975490010D616 /* Sources */,
				8390C42A1A8975490010D616 /* Frameworks */,
				8390C42B1A8975490010D616 /* Resources */,
				833FAD0D1AFE91670021873B /* Embed Frameworks */,
				833FACCF1AFE90830021873B /* Embed Carthage Frameworks */,
			);
			buildRules = (
			);
			dependencies = (
				833FAD0C1AFE91670021873B /* PBXTargetDependency */,
			);
			name = Arex;
			productName = Arex;
			productReference = 8390C42D1A8975490010D616 /* Arex.app */;
			productType = "com.apple.product-type.application";
		};
/* End PBXNativeTarget section */

/* Begin PBXProject section */
		8390C4251A8975490010D616 /* Project object */ = {
			isa = PBXProject;
			attributes = {
				LastSwiftUpdateCheck = 0700;
				LastUpgradeCheck = 0700;
				ORGANIZATIONNAME = "Pandamonia LLC";
				TargetAttributes = {
					833FACD41AFE90BD0021873B = {
						CreatedOnToolsVersion = 6.3.2;
					};
					833FACDE1AFE90BD0021873B = {
						CreatedOnToolsVersion = 6.3.2;
					};
					833FAD641AFE934B0021873B = {
						CreatedOnToolsVersion = 6.3.2;
						TestTargetID = 8390C42C1A8975490010D616;
					};
					8390C42C1A8975490010D616 = {
						CreatedOnToolsVersion = 6.3;
					};
				};
			};
			buildConfigurationList = 8390C4281A8975490010D616 /* Build configuration list for PBXProject "Arex" */;
			compatibilityVersion = "Xcode 3.2";
			developmentRegion = English;
			hasScannedForEncodings = 0;
			knownRegions = (
				en,
				Base,
			);
			mainGroup = 8390C4241A8975490010D616;
			productRefGroup = 8390C42E1A8975490010D616 /* Products */;
			projectDirPath = "";
			projectRoot = "";
			targets = (
				8390C42C1A8975490010D616 /* Arex */,
				833FAD641AFE934B0021873B /* ArexTests */,
				833FACD41AFE90BD0021873B /* ArexKit */,
				833FACDE1AFE90BD0021873B /* ArexKitTests */,
			);
		};
/* End PBXProject section */

/* Begin PBXResourcesBuildPhase section */
		833FACD31AFE90BD0021873B /* Resources */ = {
			isa = PBXResourcesBuildPhase;
			buildActionMask = 2147483647;
			files = (
			);
			runOnlyForDeploymentPostprocessing = 0;
		};
		833FACDD1AFE90BD0021873B /* Resources */ = {
			isa = PBXResourcesBuildPhase;
			buildActionMask = 2147483647;
			files = (
			);
			runOnlyForDeploymentPostprocessing = 0;
		};
		833FAD631AFE934B0021873B /* Resources */ = {
			isa = PBXResourcesBuildPhase;
			buildActionMask = 2147483647;
			files = (
			);
			runOnlyForDeploymentPostprocessing = 0;
		};
		8390C42B1A8975490010D616 /* Resources */ = {
			isa = PBXResourcesBuildPhase;
			buildActionMask = 2147483647;
			files = (
				8390C43B1A8975490010D616 /* Main.storyboard in Resources */,
				8390C4401A8975490010D616 /* LaunchScreen.xib in Resources */,
				8390C43D1A8975490010D616 /* Images.xcassets in Resources */,
			);
			runOnlyForDeploymentPostprocessing = 0;
		};
/* End PBXResourcesBuildPhase section */

/* Begin PBXShellScriptBuildPhase section */
		833FACCF1AFE90830021873B /* Embed Carthage Frameworks */ = {
			isa = PBXShellScriptBuildPhase;
			buildActionMask = 2147483647;
			files = (
			);
			inputPaths = (
				"$(SRCROOT)/Carthage/Build/iOS/MessagePack.framework",
				"$(SRCROOT)/Carthage/Build/iOS/Monocle.framework",
				"$(SRCROOT)/Carthage/Build/iOS/Pistachio.framework",
				"$(SRCROOT)/Carthage/Build/iOS/ReactiveCocoa.framework",
				"$(SRCROOT)/Carthage/Build/iOS/Result.framework",
				"$(SRCROOT)/Carthage/Build/iOS/ValueTransformer.framework",
			);
			name = "Embed Carthage Frameworks";
			outputPaths = (
			);
			runOnlyForDeploymentPostprocessing = 0;
			shellPath = /bin/sh;
			shellScript = "/usr/local/bin/carthage copy-frameworks\n";
		};
		833FAD021AFE91130021873B /* Embed Carthage Frameworks */ = {
			isa = PBXShellScriptBuildPhase;
			buildActionMask = 2147483647;
			files = (
			);
			inputPaths = (
				"$(SRCROOT)/Carthage/Build/iOS/MessagePack.framework",
				"$(SRCROOT)/Carthage/Build/iOS/Monocle.framework",
				"$(SRCROOT)/Carthage/Build/iOS/Pistachio.framework",
				"$(SRCROOT)/Carthage/Build/iOS/ReactiveCocoa.framework",
				"$(SRCROOT)/Carthage/Build/iOS/Result.framework",
				"$(SRCROOT)/Carthage/Build/iOS/ValueTransformer.framework",
			);
			name = "Embed Carthage Frameworks";
			outputPaths = (
			);
			runOnlyForDeploymentPostprocessing = 0;
			shellPath = /bin/sh;
			shellScript = "/usr/local/bin/carthage copy-frameworks\n";
		};
		83B2EB741B2DB343003B81E4 /* Run Natalie */ = {
			isa = PBXShellScriptBuildPhase;
			buildActionMask = 2147483647;
			files = (
			);
			inputPaths = (
			);
			name = "Run Natalie";
			outputPaths = (
			);
			runOnlyForDeploymentPostprocessing = 0;
			shellPath = /bin/sh;
			shellScript = "\"$SRCROOT/Libraries/Natalie/natalie.swift\" \"$SRCROOT/Arex/Supporting Files/Base.lproj/Main.storyboard\" > \"$SRCROOT/Arex/Helpers/MainStoryboard.swift\"";
		};
/* End PBXShellScriptBuildPhase section */

/* Begin PBXSourcesBuildPhase section */
		833FACD01AFE90BD0021873B /* Sources */ = {
			isa = PBXSourcesBuildPhase;
			buildActionMask = 2147483647;
			files = (
				833FAD521AFE91EF0021873B /* ReactiveCocoaAdditions.swift in Sources */,
				83335B541B01350A00C41DE2 /* FXForms.m in Sources */,
				833FAD5B1AFE91EF0021873B /* Time.swift in Sources */,
				833FAD5E1AFE91EF0021873B /* MedicationDetailViewModel.swift in Sources */,
				833FAD491AFE91EF0021873B /* MedicationsController.swift in Sources */,
				833FAD551AFE91EF0021873B /* Medication.swift in Sources */,
				83D2D4E91B2B40C000A15CA6 /* DictionaryAddition.swift in Sources */,
				833FAD511AFE91EF0021873B /* PistachioAdditions.swift in Sources */,
				833FAD4F1AFE91EF0021873B /* Helpers.swift in Sources */,
				833FAD561AFE91EF0021873B /* Adapters.swift in Sources */,
				833FAD601AFE91EF0021873B /* MedicationsListViewModel.swift in Sources */,
				83D45E0D1B2BB09000B2E7AE /* TodayViewModel.swift in Sources */,
				833FAD571AFE91EF0021873B /* DateTransformers.swift in Sources */,
				835A89C31B0197A200C7847C /* MedicationDetailForm.swift in Sources */,
				833FAD581AFE91EF0021873B /* ImageTransformers.swift in Sources */,
				833FAD5A1AFE91EF0021873B /* Schedule.swift in Sources */,
				833FAD591AFE91EF0021873B /* MessagePackValueTransformers.swift in Sources */,
				833FAD4B1AFE91EF0021873B /* CSSColors.swift in Sources */,
				833FAD5F1AFE91EF0021873B /* MedicationListCellViewModel.swift in Sources */,
				833FAD4C1AFE91EF0021873B /* DirectoryMonitor.swift in Sources */,
				8334F1D31B2A3E1C00BDE13D /* ScheduleType.swift in Sources */,
				83BE34901B2B9926000CFE09 /* PropertyMap.swift in Sources */,
				833FAD711AFE9EA70021873B /* MessagePackAdapter.swift in Sources */,
				833FAD501AFE91EF0021873B /* IndexPath.swift in Sources */,
			);
			runOnlyForDeploymentPostprocessing = 0;
		};
		833FACDB1AFE90BD0021873B /* Sources */ = {
			isa = PBXSourcesBuildPhase;
			buildActionMask = 2147483647;
			files = (
				83D2D4F51B2B8A1500A15CA6 /* ReactiveCocoaAdditionsTests.swift in Sources */,
				838F471C1B5043EA00D31AA5 /* ScheduleDescriptionTests.swift in Sources */,
				838F471A1B50418300D31AA5 /* ScheduleTypeTests.swift in Sources */,
				83BE34971B2B9E9E000CFE09 /* PropertyMapTests.swift in Sources */,
				83D2D4F11B2B881200A15CA6 /* HelpersTests.swift in Sources */,
				83D2D4F91B2B8C5C00A15CA6 /* ScheduleAdapterTests.swift in Sources */,
				83D2D4EB1B2B6CEA00A15CA6 /* CSSColorsTests.swift in Sources */,
				83D2D4EF1B2B702E00A15CA6 /* DirectoryMonitorTests.swift in Sources */,
				83D2D4F71B2B8A4B00A15CA6 /* XCTestAdditions.swift in Sources */,
				83D2D4F31B2B88BF00A15CA6 /* IndexPathTests.swift in Sources */,
				83BE348E1B2B91EE000CFE09 /* TimeAdapterTests.swift in Sources */,
			);
			runOnlyForDeploymentPostprocessing = 0;
		};
		833FAD611AFE934B0021873B /* Sources */ = {
			isa = PBXSourcesBuildPhase;
			buildActionMask = 2147483647;
			files = (
				833FAD6A1AFE934B0021873B /* ArexTests.swift in Sources */,
			);
			runOnlyForDeploymentPostprocessing = 0;
		};
		8390C4291A8975490010D616 /* Sources */ = {
			isa = PBXSourcesBuildPhase;
			buildActionMask = 2147483647;
			files = (
				8390C4381A8975490010D616 /* MedicationsListViewController.swift in Sources */,
				833FACCE1AFE90470021873B /* SAMTextView.m in Sources */,
				83CF072C1AC364A700C2EB81 /* Colors.swift in Sources */,
				83EFC9211ABC8DC400699EA2 /* MedicationDetailViewController.swift in Sources */,
				8390C4331A8975490010D616 /* AppDelegate.swift in Sources */,
				838AD9B61AF4C59F00CA636B /* EnclosingViewOfType.swift in Sources */,
				830C80FE1ABB9D8700AE7E12 /* MedicationsListCell.swift in Sources */,
				83B2EB731B2DB335003B81E4 /* MainStoryboard.swift in Sources */,
				83D45E0B1B2BB04600B2E7AE /* TodayViewController.swift in Sources */,
				83CF072A1AC3632F00C2EB81 /* UIFontLineHeightUsingCoreText.swift in Sources */,
			);
			runOnlyForDeploymentPostprocessing = 0;
		};
/* End PBXSourcesBuildPhase section */

/* Begin PBXTargetDependency section */
		833FACE21AFE90BD0021873B /* PBXTargetDependency */ = {
			isa = PBXTargetDependency;
			target = 833FACD41AFE90BD0021873B /* ArexKit */;
			targetProxy = 833FACE11AFE90BD0021873B /* PBXContainerItemProxy */;
		};
		833FAD0C1AFE91670021873B /* PBXTargetDependency */ = {
			isa = PBXTargetDependency;
			target = 833FACD41AFE90BD0021873B /* ArexKit */;
			targetProxy = 833FAD0B1AFE91670021873B /* PBXContainerItemProxy */;
		};
		833FAD6C1AFE934B0021873B /* PBXTargetDependency */ = {
			isa = PBXTargetDependency;
			target = 8390C42C1A8975490010D616 /* Arex */;
			targetProxy = 833FAD6B1AFE934B0021873B /* PBXContainerItemProxy */;
		};
/* End PBXTargetDependency section */

/* Begin PBXVariantGroup section */
		8390C4391A8975490010D616 /* Main.storyboard */ = {
			isa = PBXVariantGroup;
			children = (
				8390C43A1A8975490010D616 /* Base */,
			);
			name = Main.storyboard;
			path = .;
			sourceTree = "<group>";
		};
		8390C43E1A8975490010D616 /* LaunchScreen.xib */ = {
			isa = PBXVariantGroup;
			children = (
				8390C43F1A8975490010D616 /* Base */,
			);
			name = LaunchScreen.xib;
			path = .;
			sourceTree = "<group>";
		};
/* End PBXVariantGroup section */

/* Begin XCBuildConfiguration section */
		833FACE91AFE90BD0021873B /* Debug */ = {
			isa = XCBuildConfiguration;
			buildSettings = {
				CURRENT_PROJECT_VERSION = 1;
				DEBUG_INFORMATION_FORMAT = "dwarf-with-dsym";
				DEFINES_MODULE = YES;
				DYLIB_COMPATIBILITY_VERSION = 1;
				DYLIB_CURRENT_VERSION = 1;
				DYLIB_INSTALL_NAME_BASE = "@rpath";
				FRAMEWORK_SEARCH_PATHS = (
					"$(inherited)",
					"$(PROJECT_DIR)/Carthage/Build/iOS",
				);
				GCC_NO_COMMON_BLOCKS = YES;
				GCC_PREPROCESSOR_DEFINITIONS = (
					"DEBUG=1",
					"$(inherited)",
				);
				INFOPLIST_FILE = "ArexKit/Supporting Files/Info.plist";
				INSTALL_PATH = "$(LOCAL_LIBRARY_DIR)/Frameworks";
				LD_RUNPATH_SEARCH_PATHS = "$(inherited) @executable_path/Frameworks @loader_path/Frameworks";
				PRODUCT_BUNDLE_IDENTIFIER = "us.pandamonia.$(PRODUCT_NAME:rfc1034identifier)";
				PRODUCT_NAME = "$(TARGET_NAME)";
				SKIP_INSTALL = YES;
				VERSIONING_SYSTEM = "apple-generic";
				VERSION_INFO_PREFIX = "";
			};
			name = Debug;
		};
		833FACEA1AFE90BD0021873B /* Release */ = {
			isa = XCBuildConfiguration;
			buildSettings = {
				CURRENT_PROJECT_VERSION = 1;
				DEFINES_MODULE = YES;
				DYLIB_COMPATIBILITY_VERSION = 1;
				DYLIB_CURRENT_VERSION = 1;
				DYLIB_INSTALL_NAME_BASE = "@rpath";
				FRAMEWORK_SEARCH_PATHS = (
					"$(inherited)",
					"$(PROJECT_DIR)/Carthage/Build/iOS",
				);
				GCC_NO_COMMON_BLOCKS = YES;
				INFOPLIST_FILE = "ArexKit/Supporting Files/Info.plist";
				INSTALL_PATH = "$(LOCAL_LIBRARY_DIR)/Frameworks";
				LD_RUNPATH_SEARCH_PATHS = "$(inherited) @executable_path/Frameworks @loader_path/Frameworks";
				PRODUCT_BUNDLE_IDENTIFIER = "us.pandamonia.$(PRODUCT_NAME:rfc1034identifier)";
				PRODUCT_NAME = "$(TARGET_NAME)";
				SKIP_INSTALL = YES;
				VERSIONING_SYSTEM = "apple-generic";
				VERSION_INFO_PREFIX = "";
			};
			name = Release;
		};
		833FACEC1AFE90BD0021873B /* Debug */ = {
			isa = XCBuildConfiguration;
			buildSettings = {
				DEBUG_INFORMATION_FORMAT = "dwarf-with-dsym";
				FRAMEWORK_SEARCH_PATHS = (
					"$(inherited)",
					"$(PROJECT_DIR)/Carthage/Build/iOS",
				);
				GCC_NO_COMMON_BLOCKS = YES;
				GCC_PREPROCESSOR_DEFINITIONS = (
					"DEBUG=1",
					"$(inherited)",
				);
				INFOPLIST_FILE = "ArexKitTests/Supporting Files/Info.plist";
				LD_RUNPATH_SEARCH_PATHS = "$(inherited) @executable_path/Frameworks @loader_path/Frameworks";
				PRODUCT_BUNDLE_IDENTIFIER = "us.pandamonia.$(PRODUCT_NAME:rfc1034identifier)";
				PRODUCT_NAME = "$(TARGET_NAME)";
			};
			name = Debug;
		};
		833FACED1AFE90BD0021873B /* Release */ = {
			isa = XCBuildConfiguration;
			buildSettings = {
				FRAMEWORK_SEARCH_PATHS = (
					"$(inherited)",
					"$(PROJECT_DIR)/Carthage/Build/iOS",
				);
				GCC_NO_COMMON_BLOCKS = YES;
				INFOPLIST_FILE = "ArexKitTests/Supporting Files/Info.plist";
				LD_RUNPATH_SEARCH_PATHS = "$(inherited) @executable_path/Frameworks @loader_path/Frameworks";
				PRODUCT_BUNDLE_IDENTIFIER = "us.pandamonia.$(PRODUCT_NAME:rfc1034identifier)";
				PRODUCT_NAME = "$(TARGET_NAME)";
			};
			name = Release;
		};
		833FAD6E1AFE934B0021873B /* Debug */ = {
			isa = XCBuildConfiguration;
			buildSettings = {
				BUNDLE_LOADER = "$(TEST_HOST)";
				DEBUG_INFORMATION_FORMAT = "dwarf-with-dsym";
				FRAMEWORK_SEARCH_PATHS = (
					"$(SDKROOT)/Developer/Library/Frameworks",
					"$(inherited)",
				);
				GCC_NO_COMMON_BLOCKS = YES;
				GCC_PREPROCESSOR_DEFINITIONS = (
					"DEBUG=1",
					"$(inherited)",
				);
				INFOPLIST_FILE = "ArexTests/Supporting Files/Info.plist";
				LD_RUNPATH_SEARCH_PATHS = "$(inherited) @executable_path/Frameworks @loader_path/Frameworks";
				PRODUCT_BUNDLE_IDENTIFIER = "us.pandamonia.$(PRODUCT_NAME:rfc1034identifier)";
				PRODUCT_NAME = "$(TARGET_NAME)";
				TEST_HOST = "$(BUILT_PRODUCTS_DIR)/Arex.app/Arex";
			};
			name = Debug;
		};
		833FAD6F1AFE934B0021873B /* Release */ = {
			isa = XCBuildConfiguration;
			buildSettings = {
				BUNDLE_LOADER = "$(TEST_HOST)";
				FRAMEWORK_SEARCH_PATHS = (
					"$(SDKROOT)/Developer/Library/Frameworks",
					"$(inherited)",
				);
				GCC_NO_COMMON_BLOCKS = YES;
				INFOPLIST_FILE = "ArexTests/Supporting Files/Info.plist";
				LD_RUNPATH_SEARCH_PATHS = "$(inherited) @executable_path/Frameworks @loader_path/Frameworks";
				PRODUCT_BUNDLE_IDENTIFIER = "us.pandamonia.$(PRODUCT_NAME:rfc1034identifier)";
				PRODUCT_NAME = "$(TARGET_NAME)";
				TEST_HOST = "$(BUILT_PRODUCTS_DIR)/Arex.app/Arex";
			};
			name = Release;
		};
		8390C44D1A8975490010D616 /* Debug */ = {
			isa = XCBuildConfiguration;
			buildSettings = {
				ALWAYS_SEARCH_USER_PATHS = NO;
				CLANG_CXX_LANGUAGE_STANDARD = "gnu++0x";
				CLANG_CXX_LIBRARY = "libc++";
				CLANG_ENABLE_MODULES = YES;
				CLANG_ENABLE_OBJC_ARC = YES;
				CLANG_WARN_BOOL_CONVERSION = YES;
				CLANG_WARN_CONSTANT_CONVERSION = YES;
				CLANG_WARN_DIRECT_OBJC_ISA_USAGE = YES_ERROR;
				CLANG_WARN_EMPTY_BODY = YES;
				CLANG_WARN_ENUM_CONVERSION = YES;
				CLANG_WARN_INT_CONVERSION = YES;
				CLANG_WARN_OBJC_ROOT_CLASS = YES_ERROR;
				CLANG_WARN_UNREACHABLE_CODE = YES;
				CLANG_WARN__DUPLICATE_METHOD_MATCH = YES;
				"CODE_SIGN_IDENTITY[sdk=iphoneos*]" = "iPhone Developer";
				COPY_PHASE_STRIP = NO;
				DEBUG_INFORMATION_FORMAT = dwarf;
				ENABLE_STRICT_OBJC_MSGSEND = YES;
				ENABLE_TESTABILITY = YES;
				GCC_C_LANGUAGE_STANDARD = gnu99;
				GCC_DYNAMIC_NO_PIC = NO;
				GCC_OPTIMIZATION_LEVEL = 0;
				GCC_PREPROCESSOR_DEFINITIONS = (
					"DEBUG=1",
					"$(inherited)",
				);
				GCC_SYMBOLS_PRIVATE_EXTERN = NO;
				GCC_WARN_64_TO_32_BIT_CONVERSION = YES;
				GCC_WARN_ABOUT_RETURN_TYPE = YES_ERROR;
				GCC_WARN_UNDECLARED_SELECTOR = YES;
				GCC_WARN_UNINITIALIZED_AUTOS = YES_AGGRESSIVE;
				GCC_WARN_UNUSED_FUNCTION = YES;
				GCC_WARN_UNUSED_VARIABLE = YES;
				IPHONEOS_DEPLOYMENT_TARGET = 9.0;
				MTL_ENABLE_DEBUG_INFO = YES;
				ONLY_ACTIVE_ARCH = YES;
				SDKROOT = iphoneos;
				SWIFT_OPTIMIZATION_LEVEL = "-Onone";
				TARGETED_DEVICE_FAMILY = "1,2";
			};
			name = Debug;
		};
		8390C44E1A8975490010D616 /* Release */ = {
			isa = XCBuildConfiguration;
			buildSettings = {
				ALWAYS_SEARCH_USER_PATHS = NO;
				CLANG_CXX_LANGUAGE_STANDARD = "gnu++0x";
				CLANG_CXX_LIBRARY = "libc++";
				CLANG_ENABLE_MODULES = YES;
				CLANG_ENABLE_OBJC_ARC = YES;
				CLANG_WARN_BOOL_CONVERSION = YES;
				CLANG_WARN_CONSTANT_CONVERSION = YES;
				CLANG_WARN_DIRECT_OBJC_ISA_USAGE = YES_ERROR;
				CLANG_WARN_EMPTY_BODY = YES;
				CLANG_WARN_ENUM_CONVERSION = YES;
				CLANG_WARN_INT_CONVERSION = YES;
				CLANG_WARN_OBJC_ROOT_CLASS = YES_ERROR;
				CLANG_WARN_UNREACHABLE_CODE = YES;
				CLANG_WARN__DUPLICATE_METHOD_MATCH = YES;
				"CODE_SIGN_IDENTITY[sdk=iphoneos*]" = "iPhone Developer";
				COPY_PHASE_STRIP = NO;
				DEBUG_INFORMATION_FORMAT = "dwarf-with-dsym";
				ENABLE_NS_ASSERTIONS = NO;
				ENABLE_STRICT_OBJC_MSGSEND = YES;
				GCC_C_LANGUAGE_STANDARD = gnu99;
				GCC_WARN_64_TO_32_BIT_CONVERSION = YES;
				GCC_WARN_ABOUT_RETURN_TYPE = YES_ERROR;
				GCC_WARN_UNDECLARED_SELECTOR = YES;
				GCC_WARN_UNINITIALIZED_AUTOS = YES_AGGRESSIVE;
				GCC_WARN_UNUSED_FUNCTION = YES;
				GCC_WARN_UNUSED_VARIABLE = YES;
				IPHONEOS_DEPLOYMENT_TARGET = 9.0;
				MTL_ENABLE_DEBUG_INFO = NO;
				SDKROOT = iphoneos;
				TARGETED_DEVICE_FAMILY = "1,2";
				VALIDATE_PRODUCT = YES;
			};
			name = Release;
		};
		8390C4501A8975490010D616 /* Debug */ = {
			isa = XCBuildConfiguration;
			buildSettings = {
				ASSETCATALOG_COMPILER_APPICON_NAME = AppIcon;
				CLANG_ENABLE_MODULES = YES;
				FRAMEWORK_SEARCH_PATHS = (
					"$(inherited)",
					"$(PROJECT_DIR)/Carthage/Build/iOS",
				);
				INFOPLIST_FILE = "Arex/Supporting Files/Info.plist";
				LD_RUNPATH_SEARCH_PATHS = "$(inherited) @executable_path/Frameworks";
				PRODUCT_BUNDLE_IDENTIFIER = "us.pandamonia.$(PRODUCT_NAME:rfc1034identifier)";
				PRODUCT_NAME = "$(TARGET_NAME)";
				SWIFT_OBJC_BRIDGING_HEADER = "Arex/Supporting Files/Arex-Bridging-Header.h";
				SWIFT_OPTIMIZATION_LEVEL = "-Onone";
			};
			name = Debug;
		};
		8390C4511A8975490010D616 /* Release */ = {
			isa = XCBuildConfiguration;
			buildSettings = {
				ASSETCATALOG_COMPILER_APPICON_NAME = AppIcon;
				CLANG_ENABLE_MODULES = YES;
				FRAMEWORK_SEARCH_PATHS = (
					"$(inherited)",
					"$(PROJECT_DIR)/Carthage/Build/iOS",
				);
				INFOPLIST_FILE = "Arex/Supporting Files/Info.plist";
				LD_RUNPATH_SEARCH_PATHS = "$(inherited) @executable_path/Frameworks";
				PRODUCT_BUNDLE_IDENTIFIER = "us.pandamonia.$(PRODUCT_NAME:rfc1034identifier)";
				PRODUCT_NAME = "$(TARGET_NAME)";
				SWIFT_OBJC_BRIDGING_HEADER = "Arex/Supporting Files/Arex-Bridging-Header.h";
			};
			name = Release;
		};
/* End XCBuildConfiguration section */

/* Begin XCConfigurationList section */
		833FACE81AFE90BD0021873B /* Build configuration list for PBXNativeTarget "ArexKit" */ = {
			isa = XCConfigurationList;
			buildConfigurations = (
				833FACE91AFE90BD0021873B /* Debug */,
				833FACEA1AFE90BD0021873B /* Release */,
			);
			defaultConfigurationIsVisible = 0;
			defaultConfigurationName = Release;
		};
		833FACEB1AFE90BD0021873B /* Build configuration list for PBXNativeTarget "ArexKitTests" */ = {
			isa = XCConfigurationList;
			buildConfigurations = (
				833FACEC1AFE90BD0021873B /* Debug */,
				833FACED1AFE90BD0021873B /* Release */,
			);
			defaultConfigurationIsVisible = 0;
			defaultConfigurationName = Release;
		};
		833FAD6D1AFE934B0021873B /* Build configuration list for PBXNativeTarget "ArexTests" */ = {
			isa = XCConfigurationList;
			buildConfigurations = (
				833FAD6E1AFE934B0021873B /* Debug */,
				833FAD6F1AFE934B0021873B /* Release */,
			);
			defaultConfigurationIsVisible = 0;
			defaultConfigurationName = Release;
		};
		8390C4281A8975490010D616 /* Build configuration list for PBXProject "Arex" */ = {
			isa = XCConfigurationList;
			buildConfigurations = (
				8390C44D1A8975490010D616 /* Debug */,
				8390C44E1A8975490010D616 /* Release */,
			);
			defaultConfigurationIsVisible = 0;
			defaultConfigurationName = Release;
		};
		8390C44F1A8975490010D616 /* Build configuration list for PBXNativeTarget "Arex" */ = {
			isa = XCConfigurationList;
			buildConfigurations = (
				8390C4501A8975490010D616 /* Debug */,
				8390C4511A8975490010D616 /* Release */,
			);
			defaultConfigurationIsVisible = 0;
			defaultConfigurationName = Release;
		};
/* End XCConfigurationList section */
	};
	rootObject = 8390C4251A8975490010D616 /* Project object */;
}
